// !$*UTF8*$!
{
	archiveVersion = 1;
	classes = {
	};
	objectVersion = 46;
	objects = {

/* Begin PBXBuildFile section */
		0546D1A38E13BD319CC9755B /* OscReceivedElements.cpp in Sources */ = {isa = PBXBuildFile; fileRef = 9BF3AA0D4FAA89D0F8A0E545 /* OscReceivedElements.cpp */; };
		1B5F996886A777589D5DD794 /* svgtiny_list.cpp in Sources */ = {isa = PBXBuildFile; fileRef = 077F7AC989DAB289A1EC643F /* svgtiny_list.cpp */; };
		1D6B78EF041B097CE4F423C4 /* svgtiny.cpp in Sources */ = {isa = PBXBuildFile; fileRef = 38BC601AD0A2F4F2319D1460 /* svgtiny.cpp */; };
		4294163B15857489B2176769 /* svgtiny_gradient.cpp in Sources */ = {isa = PBXBuildFile; fileRef = 582921BA98D224ED41833868 /* svgtiny_gradient.cpp */; };
		4ADB88E2FB52E76A471065DE /* ofxOscParameterSync.cpp in Sources */ = {isa = PBXBuildFile; fileRef = 0AED834CE4DEC5260AF302A2 /* ofxOscParameterSync.cpp */; };
		4D199EE719BC0B2D000D4AAF /* icon-1.png in Resources */ = {isa = PBXBuildFile; fileRef = 4D199EDF19BC0B2D000D4AAF /* icon-1.png */; };
		4D199EE819BC0B2D000D4AAF /* icon-1_off.png in Resources */ = {isa = PBXBuildFile; fileRef = 4D199EE019BC0B2D000D4AAF /* icon-1_off.png */; };
		4D199EE919BC0B2D000D4AAF /* icon-2.png in Resources */ = {isa = PBXBuildFile; fileRef = 4D199EE119BC0B2D000D4AAF /* icon-2.png */; };
		4D199EEA19BC0B2D000D4AAF /* icon-2_off.png in Resources */ = {isa = PBXBuildFile; fileRef = 4D199EE219BC0B2D000D4AAF /* icon-2_off.png */; };
		4D199EEB19BC0B2D000D4AAF /* icon-3.png in Resources */ = {isa = PBXBuildFile; fileRef = 4D199EE319BC0B2D000D4AAF /* icon-3.png */; };
		4D199EEC19BC0B2D000D4AAF /* icon-3_off.png in Resources */ = {isa = PBXBuildFile; fileRef = 4D199EE419BC0B2D000D4AAF /* icon-3_off.png */; };
		4D199EED19BC0B2D000D4AAF /* icon-4.png in Resources */ = {isa = PBXBuildFile; fileRef = 4D199EE519BC0B2D000D4AAF /* icon-4.png */; };
		4D199EEE19BC0B2D000D4AAF /* icon-4_off.png in Resources */ = {isa = PBXBuildFile; fileRef = 4D199EE619BC0B2D000D4AAF /* icon-4_off.png */; };
		4D1DCF0019BBFF60003F8AF0 /* OscInView.xib in Resources */ = {isa = PBXBuildFile; fileRef = 4D1DCEFD19BBFF60003F8AF0 /* OscInView.xib */; };
		4D1DCF0119BBFF60003F8AF0 /* OscInViewController.mm in Sources */ = {isa = PBXBuildFile; fileRef = 4D1DCEFF19BBFF60003F8AF0 /* OscInViewController.mm */; };
		4D380E7919B7CE650056783F /* OscOutView.xib in Resources */ = {isa = PBXBuildFile; fileRef = 4D380E7819B7CE650056783F /* OscOutView.xib */; };
		4D5A530E19C5019000039AF9 /* ofx2DCamera.cpp in Sources */ = {isa = PBXBuildFile; fileRef = 4D5A530C19C5019000039AF9 /* ofx2DCamera.cpp */; };
		4D7376AB19B7D440000AC010 /* CircleView.xib in Resources */ = {isa = PBXBuildFile; fileRef = 4D7376AA19B7D440000AC010 /* CircleView.xib */; };
		4D7376B019B7DFE4000AC010 /* OscOutViewController.mm in Sources */ = {isa = PBXBuildFile; fileRef = 4D7376AF19B7DFE4000AC010 /* OscOutViewController.mm */; };
		4D7376B519B7EC05000AC010 /* MainWindowController.mm in Sources */ = {isa = PBXBuildFile; fileRef = 4D7376B419B7EC05000AC010 /* MainWindowController.mm */; };
		4D7376B719B7EE7F000AC010 /* MainWindow.xib in Resources */ = {isa = PBXBuildFile; fileRef = 4D7376B619B7EE7F000AC010 /* MainWindow.xib */; };
		4D7376C019B802EF000AC010 /* CircleViewController.mm in Sources */ = {isa = PBXBuildFile; fileRef = 4D7376BE19B802EF000AC010 /* CircleViewController.mm */; };
		4D82B81C19B66AF500BA0CEF /* dt_osc_recorder.cpp in Sources */ = {isa = PBXBuildFile; fileRef = 4D82B81A19B66AF500BA0CEF /* dt_osc_recorder.cpp */; };
		4D82B82619B67D8800BA0CEF /* AppDelegate.mm in Sources */ = {isa = PBXBuildFile; fileRef = 4D82B82319B67D8800BA0CEF /* AppDelegate.mm */; };
		4D82B82719B67D8800BA0CEF /* dt_GLView.mm in Sources */ = {isa = PBXBuildFile; fileRef = 4D82B82519B67D8800BA0CEF /* dt_GLView.mm */; };
		4D84E8E719C38BA100D54F05 /* ofxModifierKeys_impl_linux.cpp in Sources */ = {isa = PBXBuildFile; fileRef = 4D84E8DA19C38BA100D54F05 /* ofxModifierKeys_impl_linux.cpp */; };
		4D84E8E819C38BA100D54F05 /* ofxModifierKeys_impl_mac.mm in Sources */ = {isa = PBXBuildFile; fileRef = 4D84E8DB19C38BA100D54F05 /* ofxModifierKeys_impl_mac.mm */; };
		4D84E8E919C38BA100D54F05 /* ofxModifierKeys_impl_win.cpp in Sources */ = {isa = PBXBuildFile; fileRef = 4D84E8DC19C38BA100D54F05 /* ofxModifierKeys_impl_win.cpp */; };
		4DAFA43319BC931C008E9A14 /* ofxCocoaGLView.mm in Sources */ = {isa = PBXBuildFile; fileRef = 4DAFA43219BC931C008E9A14 /* ofxCocoaGLView.mm */; };
		4DC0481D19C343D500346B96 /* dt_ui_zoom.cpp in Sources */ = {isa = PBXBuildFile; fileRef = 4DC0481B19C343D500346B96 /* dt_ui_zoom.cpp */; };
		4DC0482019C345C900346B96 /* dt_mouse_gesture.cpp in Sources */ = {isa = PBXBuildFile; fileRef = 4DC0481E19C345C900346B96 /* dt_mouse_gesture.cpp */; };
		510CAFE035E576A4E1502D52 /* UdpSocket.cpp in Sources */ = {isa = PBXBuildFile; fileRef = E6DEF695B88BA5FAACEAA937 /* UdpSocket.cpp */; };
		5864AD82E20F15536D054EA3 /* ofxOscMessage.cpp in Sources */ = {isa = PBXBuildFile; fileRef = DF49D76C45D5DB505A234880 /* ofxOscMessage.cpp */; };
		5A4349E9754D6FA14C0F2A3A /* tinyxmlparser.cpp in Sources */ = {isa = PBXBuildFile; fileRef = FC5DA1C87211D4F6377DA719 /* tinyxmlparser.cpp */; };
		62545D179C94265CA1389D4A /* OscOutboundPacketStream.cpp in Sources */ = {isa = PBXBuildFile; fileRef = 63A47AC60FFAFC3BF093EC0F /* OscOutboundPacketStream.cpp */; };
		63B57AC5BF4EF088491E0317 /* ofxXmlSettings.cpp in Sources */ = {isa = PBXBuildFile; fileRef = 50DF87D612C5AAE17AAFA6C0 /* ofxXmlSettings.cpp */; };
		640279EE111671BD026CB013 /* ofxOscReceiver.cpp in Sources */ = {isa = PBXBuildFile; fileRef = C2FAC65C491D4231379F3298 /* ofxOscReceiver.cpp */; };
		67FE4C7B15C2F0478C8126C2 /* NetworkingUtils.cpp in Sources */ = {isa = PBXBuildFile; fileRef = 3B361208CD4107E479F04E7B /* NetworkingUtils.cpp */; };
		6A13F6401B7BEFE400E63E53 /* dt_clock_sender_audio_pulse.cpp in Sources */ = {isa = PBXBuildFile; fileRef = 6A13F63E1B7BEFE400E63E53 /* dt_clock_sender_audio_pulse.cpp */; };
		6A565A9714A6A12EB9098F52 /* src_colors.cpp in Sources */ = {isa = PBXBuildFile; fileRef = 27DFA5E4C611C297AADB2002 /* src_colors.cpp */; };
		72A929D3561B8232A182ABFC /* ofxOscBundle.cpp in Sources */ = {isa = PBXBuildFile; fileRef = 65EEFA3DA3526E9CDD9C21F9 /* ofxOscBundle.cpp */; };
		8496B39E1E997AB900BC8AB9 /* README in Resources */ = {isa = PBXBuildFile; fileRef = 8496B38F1E997AB900BC8AB9 /* README */; };
		8496B39F1E997AB900BC8AB9 /* ofxTransitions.cpp in Sources */ = {isa = PBXBuildFile; fileRef = 8496B3911E997AB900BC8AB9 /* ofxTransitions.cpp */; };
		8496B3A01E997AB900BC8AB9 /* ofxTweener.cpp in Sources */ = {isa = PBXBuildFile; fileRef = 8496B3931E997AB900BC8AB9 /* ofxTweener.cpp */; };
		8496B3A41E997BA900BC8AB9 /* CoreMIDI.framework in Frameworks */ = {isa = PBXBuildFile; fileRef = F6075E16194DEA9600F8F7E0 /* CoreMIDI.framework */; };
		879A251454401BC0B6E4F238 /* OscTypes.cpp in Sources */ = {isa = PBXBuildFile; fileRef = D9BFFBBF4CC43DEE890B3C3E /* OscTypes.cpp */; };
		8F5205AEF8861EF234F0651A /* ofxOscSender.cpp in Sources */ = {isa = PBXBuildFile; fileRef = 81967292BFC87A0144BD32C6 /* ofxOscSender.cpp */; };
		933A2227713C720CEFF80FD9 /* tinyxml.cpp in Sources */ = {isa = PBXBuildFile; fileRef = 2B40EDA85BEB63E46785BC29 /* tinyxml.cpp */; };
		9D44DC88EF9E7991B4A09951 /* tinyxmlerror.cpp in Sources */ = {isa = PBXBuildFile; fileRef = 832BDC407620CDBA568B713D /* tinyxmlerror.cpp */; };
		ADE367465D2A8EBAD4C7A8D9 /* IpEndpointName.cpp in Sources */ = {isa = PBXBuildFile; fileRef = ADD194746185E2DA11468377 /* IpEndpointName.cpp */; };
		B88A57B4B0BA6191EF3571E9 /* ofxSvg.cpp in Sources */ = {isa = PBXBuildFile; fileRef = B9E16009E1772C6D00B20013 /* ofxSvg.cpp */; };
		C4782ECC372420ACE0615B74 /* OscPrintReceivedElements.cpp in Sources */ = {isa = PBXBuildFile; fileRef = BC8881B3C8C0A1C45F042E7A /* OscPrintReceivedElements.cpp */; };
		E4328149138ABC9F0047C5CB /* openFrameworksDebug.a in Frameworks */ = {isa = PBXBuildFile; fileRef = E4328148138ABC890047C5CB /* openFrameworksDebug.a */; };
		F6075E0D194DE94E00F8F7E0 /* RtMidi.cpp in Sources */ = {isa = PBXBuildFile; fileRef = F6075DCD194DD26F00F8F7E0 /* RtMidi.cpp */; };
		F6075E0E194DE94E00F8F7E0 /* ofxRtMidiIn.cpp in Sources */ = {isa = PBXBuildFile; fileRef = F6075DDA194DD26F00F8F7E0 /* ofxRtMidiIn.cpp */; };
		F6075E0F194DE94E00F8F7E0 /* ofxRtMidiOut.cpp in Sources */ = {isa = PBXBuildFile; fileRef = F6075DDC194DD26F00F8F7E0 /* ofxRtMidiOut.cpp */; };
		F6075E10194DE94E00F8F7E0 /* ofxBaseMidi.cpp in Sources */ = {isa = PBXBuildFile; fileRef = F6075DE9194DD26F00F8F7E0 /* ofxBaseMidi.cpp */; };
		F6075E11194DE94E00F8F7E0 /* ofxMidi.cpp in Sources */ = {isa = PBXBuildFile; fileRef = F6075DEB194DD26F00F8F7E0 /* ofxMidi.cpp */; };
		F6075E12194DE94E00F8F7E0 /* ofxMidiIn.cpp in Sources */ = {isa = PBXBuildFile; fileRef = F6075DEE194DD26F00F8F7E0 /* ofxMidiIn.cpp */; };
		F6075E13194DE94E00F8F7E0 /* ofxMidiMessage.cpp in Sources */ = {isa = PBXBuildFile; fileRef = F6075DF0194DD26F00F8F7E0 /* ofxMidiMessage.cpp */; };
		F6075E14194DE94E00F8F7E0 /* ofxMidiOut.cpp in Sources */ = {isa = PBXBuildFile; fileRef = F6075DF2194DD26F00F8F7E0 /* ofxMidiOut.cpp */; };
		F63412E8194A6BE400B2E3CC /* dt_sequence_thread_audio.cpp in Sources */ = {isa = PBXBuildFile; fileRef = F63412E6194A6BE400B2E3CC /* dt_sequence_thread_audio.cpp */; };
		F66E1D72195E813700CEE795 /* dt_linear_drawer.cpp in Sources */ = {isa = PBXBuildFile; fileRef = F66E1D70195E813700CEE795 /* dt_linear_drawer.cpp */; };
		F672E43619BE796200C07C5E /* MainMenu.xib in Resources */ = {isa = PBXBuildFile; fileRef = F672E43519BE796200C07C5E /* MainMenu.xib */; };
		F6AD808F19C220AD00D210F5 /* dt_mode_manager.h in Sources */ = {isa = PBXBuildFile; fileRef = F6AD808D19C220AD00D210F5 /* dt_mode_manager.h */; };
		F6AD809219C2257F00D210F5 /* dt_mode_manager.cpp in Sources */ = {isa = PBXBuildFile; fileRef = F6AD809119C2257F00D210F5 /* dt_mode_manager.cpp */; };
		F6B0939B1971414700619955 /* dt_config.cpp in Sources */ = {isa = PBXBuildFile; fileRef = F6B0939A1971414700619955 /* dt_config.cpp */; };
		F6B766DA1947984B00B0741D /* dt_circle_all_containers.cpp in Sources */ = {isa = PBXBuildFile; fileRef = F6B766B61947984B00B0741D /* dt_circle_all_containers.cpp */; };
		F6B766DB1947984B00B0741D /* dt_circle_base.cpp in Sources */ = {isa = PBXBuildFile; fileRef = F6B766B91947984B00B0741D /* dt_circle_base.cpp */; };
		F6B766DD1947984B00B0741D /* dt_circle_note_on.cpp in Sources */ = {isa = PBXBuildFile; fileRef = F6B766BD1947984B00B0741D /* dt_circle_note_on.cpp */; };
		F6B766DE1947984B00B0741D /* dt_circle_param.cpp in Sources */ = {isa = PBXBuildFile; fileRef = F6B766BF1947984B00B0741D /* dt_circle_param.cpp */; };
		F6B766E01947984B00B0741D /* dt_dial_ui.cpp in Sources */ = {isa = PBXBuildFile; fileRef = F6B766C81947984B00B0741D /* dt_dial_ui.cpp */; };
		F6B766E21947984B00B0741D /* dt_osc_sender.mm in Sources */ = {isa = PBXBuildFile; fileRef = F6B766CC1947984B00B0741D /* dt_osc_sender.mm */; };
		F6B766E31947984B00B0741D /* dt_rhythm_lib.cpp in Sources */ = {isa = PBXBuildFile; fileRef = F6B766CE1947984B00B0741D /* dt_rhythm_lib.cpp */; };
		F6B766E51947984B00B0741D /* dt_sequence_thread_oF.cpp in Sources */ = {isa = PBXBuildFile; fileRef = F6B766D21947984B00B0741D /* dt_sequence_thread_oF.cpp */; };
		F6B766E61947984B00B0741D /* dt_sequencer.cpp in Sources */ = {isa = PBXBuildFile; fileRef = F6B766D51947984B00B0741D /* dt_sequencer.cpp */; };
		F6B766E71947984B00B0741D /* dt_ui_home.cpp in Sources */ = {isa = PBXBuildFile; fileRef = F6B766D71947984B00B0741D /* dt_ui_home.cpp */; };
		F6B766E81947984B00B0741D /* main.mm in Sources */ = {isa = PBXBuildFile; fileRef = F6B766D81947984B00B0741D /* main.mm */; };
		F6B766E91947984B00B0741D /* ofApp.mm in Sources */ = {isa = PBXBuildFile; fileRef = F6B766D91947984B00B0741D /* ofApp.mm */; };
		F6EE1B4D196AA7A600A77A20 /* ofxBaseGui.cpp in Sources */ = {isa = PBXBuildFile; fileRef = F6EE1B3B196AA4E600A77A20 /* ofxBaseGui.cpp */; };
		F6EE1B4E196AA7A600A77A20 /* ofxButton.cpp in Sources */ = {isa = PBXBuildFile; fileRef = F6EE1B3D196AA4E600A77A20 /* ofxButton.cpp */; };
		F6EE1B4F196AA7A600A77A20 /* ofxGuiGroup.cpp in Sources */ = {isa = PBXBuildFile; fileRef = F6EE1B40196AA4E600A77A20 /* ofxGuiGroup.cpp */; };
		F6EE1B50196AA7A600A77A20 /* ofxLabel.cpp in Sources */ = {isa = PBXBuildFile; fileRef = F6EE1B42196AA4E600A77A20 /* ofxLabel.cpp */; };
		F6EE1B51196AA7A600A77A20 /* ofxPanel.cpp in Sources */ = {isa = PBXBuildFile; fileRef = F6EE1B44196AA4E600A77A20 /* ofxPanel.cpp */; };
		F6EE1B52196AA7A600A77A20 /* ofxSlider.cpp in Sources */ = {isa = PBXBuildFile; fileRef = F6EE1B46196AA4E600A77A20 /* ofxSlider.cpp */; };
		F6EE1B53196AA7A600A77A20 /* ofxSliderGroup.cpp in Sources */ = {isa = PBXBuildFile; fileRef = F6EE1B48196AA4E600A77A20 /* ofxSliderGroup.cpp */; };
		F6EE1B54196AA7A600A77A20 /* ofxToggle.cpp in Sources */ = {isa = PBXBuildFile; fileRef = F6EE1B4A196AA4E600A77A20 /* ofxToggle.cpp */; };
/* End PBXBuildFile section */

/* Begin PBXContainerItemProxy section */
		E4328147138ABC890047C5CB /* PBXContainerItemProxy */ = {
			isa = PBXContainerItemProxy;
			containerPortal = E4328143138ABC890047C5CB /* openFrameworksLib.xcodeproj */;
			proxyType = 2;
			remoteGlobalIDString = E4B27C1510CBEB8E00536013;
			remoteInfo = openFrameworks;
		};
		E4EEB9AB138B136A00A80321 /* PBXContainerItemProxy */ = {
			isa = PBXContainerItemProxy;
			containerPortal = E4328143138ABC890047C5CB /* openFrameworksLib.xcodeproj */;
			proxyType = 1;
			remoteGlobalIDString = E4B27C1410CBEB8E00536013;
			remoteInfo = openFrameworks;
		};
/* End PBXContainerItemProxy section */

/* Begin PBXCopyFilesBuildPhase section */
		E4C2427710CC5ABF004149E2 /* CopyFiles */ = {
			isa = PBXCopyFilesBuildPhase;
			buildActionMask = 2147483647;
			dstPath = "";
			dstSubfolderSpec = 10;
			files = (
			);
			runOnlyForDeploymentPostprocessing = 0;
		};
/* End PBXCopyFilesBuildPhase section */

/* Begin PBXFileReference section */
		00D6D32B84B099226431108C /* ofxOsc.h */ = {isa = PBXFileReference; explicitFileType = sourcecode.c.h; fileEncoding = 30; name = ofxOsc.h; path = ../../../addons/ofxOsc/src/ofxOsc.h; sourceTree = SOURCE_ROOT; };
		01DCC0911400F9ACF5B65578 /* ofxXmlSettings.h */ = {isa = PBXFileReference; explicitFileType = sourcecode.c.h; fileEncoding = 30; name = ofxXmlSettings.h; path = ../../../addons/ofxXmlSettings/src/ofxXmlSettings.h; sourceTree = SOURCE_ROOT; };
		029684CF678F70F6D3537A29 /* OscOutboundPacketStream.h */ = {isa = PBXFileReference; explicitFileType = sourcecode.c.h; fileEncoding = 30; name = OscOutboundPacketStream.h; path = ../../../addons/ofxOsc/libs/oscpack/src/osc/OscOutboundPacketStream.h; sourceTree = SOURCE_ROOT; };
		077F7AC989DAB289A1EC643F /* svgtiny_list.cpp */ = {isa = PBXFileReference; explicitFileType = sourcecode.cpp.cpp; fileEncoding = 30; name = svgtiny_list.cpp; path = ../../../addons/ofxSvg/libs/svgTiny/src/svgtiny_list.cpp; sourceTree = SOURCE_ROOT; };
		0AED834CE4DEC5260AF302A2 /* ofxOscParameterSync.cpp */ = {isa = PBXFileReference; explicitFileType = sourcecode.cpp.cpp; fileEncoding = 30; name = ofxOscParameterSync.cpp; path = ../../../addons/ofxOsc/src/ofxOscParameterSync.cpp; sourceTree = SOURCE_ROOT; };
		20F35AFADAF0068B067E713F /* OscReceivedElements.h */ = {isa = PBXFileReference; explicitFileType = sourcecode.c.h; fileEncoding = 30; name = OscReceivedElements.h; path = ../../../addons/ofxOsc/libs/oscpack/src/osc/OscReceivedElements.h; sourceTree = SOURCE_ROOT; };
		23640F57DF6C4BB6BFC5DA4C /* PacketListener.h */ = {isa = PBXFileReference; explicitFileType = sourcecode.c.h; fileEncoding = 30; name = PacketListener.h; path = ../../../addons/ofxOsc/libs/oscpack/src/ip/PacketListener.h; sourceTree = SOURCE_ROOT; };
		27DFA5E4C611C297AADB2002 /* src_colors.cpp */ = {isa = PBXFileReference; explicitFileType = sourcecode.cpp.cpp; fileEncoding = 30; name = src_colors.cpp; path = ../../../addons/ofxSvg/libs/svgTiny/src/src_colors.cpp; sourceTree = SOURCE_ROOT; };
		2B40EDA85BEB63E46785BC29 /* tinyxml.cpp */ = {isa = PBXFileReference; explicitFileType = sourcecode.cpp.cpp; fileEncoding = 30; name = tinyxml.cpp; path = ../../../addons/ofxXmlSettings/libs/tinyxml.cpp; sourceTree = SOURCE_ROOT; };
		2FD4B0329909D3527F003494 /* UdpSocket.h */ = {isa = PBXFileReference; explicitFileType = sourcecode.c.h; fileEncoding = 30; name = UdpSocket.h; path = ../../../addons/ofxOsc/libs/oscpack/src/ip/UdpSocket.h; sourceTree = SOURCE_ROOT; };
		38BC601AD0A2F4F2319D1460 /* svgtiny.cpp */ = {isa = PBXFileReference; explicitFileType = sourcecode.cpp.cpp; fileEncoding = 30; name = svgtiny.cpp; path = ../../../addons/ofxSvg/libs/svgTiny/src/svgtiny.cpp; sourceTree = SOURCE_ROOT; };
		3B361208CD4107E479F04E7B /* NetworkingUtils.cpp */ = {isa = PBXFileReference; explicitFileType = sourcecode.cpp.cpp; fileEncoding = 30; name = NetworkingUtils.cpp; path = ../../../addons/ofxOsc/libs/oscpack/src/ip/posix/NetworkingUtils.cpp; sourceTree = SOURCE_ROOT; };
		444657A12E59D0ED86981498 /* TimerListener.h */ = {isa = PBXFileReference; explicitFileType = sourcecode.c.h; fileEncoding = 30; name = TimerListener.h; path = ../../../addons/ofxOsc/libs/oscpack/src/ip/TimerListener.h; sourceTree = SOURCE_ROOT; };
		48974F980F51769171D0B2F5 /* IpEndpointName.h */ = {isa = PBXFileReference; explicitFileType = sourcecode.c.h; fileEncoding = 30; name = IpEndpointName.h; path = ../../../addons/ofxOsc/libs/oscpack/src/ip/IpEndpointName.h; sourceTree = SOURCE_ROOT; };
		4D199EDF19BC0B2D000D4AAF /* icon-1.png */ = {isa = PBXFileReference; lastKnownFileType = image.png; path = "icon-1.png"; sourceTree = "<group>"; };
		4D199EE019BC0B2D000D4AAF /* icon-1_off.png */ = {isa = PBXFileReference; lastKnownFileType = image.png; path = "icon-1_off.png"; sourceTree = "<group>"; };
		4D199EE119BC0B2D000D4AAF /* icon-2.png */ = {isa = PBXFileReference; lastKnownFileType = image.png; path = "icon-2.png"; sourceTree = "<group>"; };
		4D199EE219BC0B2D000D4AAF /* icon-2_off.png */ = {isa = PBXFileReference; lastKnownFileType = image.png; path = "icon-2_off.png"; sourceTree = "<group>"; };
		4D199EE319BC0B2D000D4AAF /* icon-3.png */ = {isa = PBXFileReference; lastKnownFileType = image.png; path = "icon-3.png"; sourceTree = "<group>"; };
		4D199EE419BC0B2D000D4AAF /* icon-3_off.png */ = {isa = PBXFileReference; lastKnownFileType = image.png; path = "icon-3_off.png"; sourceTree = "<group>"; };
		4D199EE519BC0B2D000D4AAF /* icon-4.png */ = {isa = PBXFileReference; lastKnownFileType = image.png; path = "icon-4.png"; sourceTree = "<group>"; };
		4D199EE619BC0B2D000D4AAF /* icon-4_off.png */ = {isa = PBXFileReference; lastKnownFileType = image.png; path = "icon-4_off.png"; sourceTree = "<group>"; };
		4D1DCEFD19BBFF60003F8AF0 /* OscInView.xib */ = {isa = PBXFileReference; fileEncoding = 4; lastKnownFileType = file.xib; path = OscInView.xib; sourceTree = "<group>"; };
		4D1DCEFE19BBFF60003F8AF0 /* OscInViewController.h */ = {isa = PBXFileReference; fileEncoding = 4; lastKnownFileType = sourcecode.c.h; path = OscInViewController.h; sourceTree = "<group>"; };
		4D1DCEFF19BBFF60003F8AF0 /* OscInViewController.mm */ = {isa = PBXFileReference; fileEncoding = 4; lastKnownFileType = sourcecode.cpp.objcpp; lineEnding = 0; path = OscInViewController.mm; sourceTree = "<group>"; xcLanguageSpecificationIdentifier = xcode.lang.objcpp; };
		4D380E7819B7CE650056783F /* OscOutView.xib */ = {isa = PBXFileReference; fileEncoding = 4; lastKnownFileType = file.xib; path = OscOutView.xib; sourceTree = "<group>"; };
		4D5A530C19C5019000039AF9 /* ofx2DCamera.cpp */ = {isa = PBXFileReference; fileEncoding = 4; lastKnownFileType = sourcecode.cpp.cpp; path = ofx2DCamera.cpp; sourceTree = "<group>"; };
		4D5A530D19C5019000039AF9 /* ofx2DCamera.h */ = {isa = PBXFileReference; fileEncoding = 4; lastKnownFileType = sourcecode.c.h; path = ofx2DCamera.h; sourceTree = "<group>"; };
		4D7376AA19B7D440000AC010 /* CircleView.xib */ = {isa = PBXFileReference; fileEncoding = 4; lastKnownFileType = file.xib; path = CircleView.xib; sourceTree = "<group>"; };
		4D7376AE19B7DFE4000AC010 /* OscOutViewController.h */ = {isa = PBXFileReference; fileEncoding = 4; lastKnownFileType = sourcecode.c.h; path = OscOutViewController.h; sourceTree = "<group>"; };
		4D7376AF19B7DFE4000AC010 /* OscOutViewController.mm */ = {isa = PBXFileReference; fileEncoding = 4; lastKnownFileType = sourcecode.cpp.objcpp; lineEnding = 0; path = OscOutViewController.mm; sourceTree = "<group>"; xcLanguageSpecificationIdentifier = xcode.lang.objcpp; };
		4D7376B319B7EC05000AC010 /* MainWindowController.h */ = {isa = PBXFileReference; fileEncoding = 4; lastKnownFileType = sourcecode.c.h; path = MainWindowController.h; sourceTree = "<group>"; };
		4D7376B419B7EC05000AC010 /* MainWindowController.mm */ = {isa = PBXFileReference; fileEncoding = 4; lastKnownFileType = sourcecode.cpp.objcpp; lineEnding = 0; path = MainWindowController.mm; sourceTree = "<group>"; xcLanguageSpecificationIdentifier = xcode.lang.objcpp; };
		4D7376B619B7EE7F000AC010 /* MainWindow.xib */ = {isa = PBXFileReference; fileEncoding = 4; lastKnownFileType = file.xib; path = MainWindow.xib; sourceTree = "<group>"; };
		4D7376BD19B802EF000AC010 /* CircleViewController.h */ = {isa = PBXFileReference; fileEncoding = 4; lastKnownFileType = sourcecode.c.h; path = CircleViewController.h; sourceTree = "<group>"; };
		4D7376BE19B802EF000AC010 /* CircleViewController.mm */ = {isa = PBXFileReference; fileEncoding = 4; lastKnownFileType = sourcecode.cpp.objcpp; path = CircleViewController.mm; sourceTree = "<group>"; };
		4D7525DA19B6AC1B005CDA6F /* QuartzCore.framework */ = {isa = PBXFileReference; lastKnownFileType = wrapper.framework; name = QuartzCore.framework; path = System/Library/Frameworks/QuartzCore.framework; sourceTree = SDKROOT; };
		4D82B81A19B66AF500BA0CEF /* dt_osc_recorder.cpp */ = {isa = PBXFileReference; fileEncoding = 4; lastKnownFileType = sourcecode.cpp.cpp; lineEnding = 0; path = dt_osc_recorder.cpp; sourceTree = "<group>"; xcLanguageSpecificationIdentifier = xcode.lang.cpp; };
		4D82B81B19B66AF500BA0CEF /* dt_osc_recorder.h */ = {isa = PBXFileReference; fileEncoding = 4; lastKnownFileType = sourcecode.c.h; path = dt_osc_recorder.h; sourceTree = "<group>"; };
		4D82B82219B67D8800BA0CEF /* AppDelegate.h */ = {isa = PBXFileReference; fileEncoding = 4; lastKnownFileType = sourcecode.c.h; path = AppDelegate.h; sourceTree = "<group>"; };
		4D82B82319B67D8800BA0CEF /* AppDelegate.mm */ = {isa = PBXFileReference; fileEncoding = 4; lastKnownFileType = sourcecode.cpp.objcpp; path = AppDelegate.mm; sourceTree = "<group>"; };
		4D82B82419B67D8800BA0CEF /* dt_GLView.h */ = {isa = PBXFileReference; fileEncoding = 4; lastKnownFileType = sourcecode.c.h; name = dt_GLView.h; path = Cocoa/dt_GLView.h; sourceTree = "<group>"; };
		4D82B82519B67D8800BA0CEF /* dt_GLView.mm */ = {isa = PBXFileReference; fileEncoding = 4; lastKnownFileType = sourcecode.cpp.objcpp; name = dt_GLView.mm; path = Cocoa/dt_GLView.mm; sourceTree = "<group>"; };
		4D84E8D919C38BA100D54F05 /* ofxModifierKeys.h */ = {isa = PBXFileReference; fileEncoding = 4; lastKnownFileType = sourcecode.c.h; path = ofxModifierKeys.h; sourceTree = "<group>"; };
		4D84E8DA19C38BA100D54F05 /* ofxModifierKeys_impl_linux.cpp */ = {isa = PBXFileReference; fileEncoding = 4; lastKnownFileType = sourcecode.cpp.cpp; path = ofxModifierKeys_impl_linux.cpp; sourceTree = "<group>"; };
		4D84E8DB19C38BA100D54F05 /* ofxModifierKeys_impl_mac.mm */ = {isa = PBXFileReference; fileEncoding = 4; lastKnownFileType = sourcecode.cpp.objcpp; path = ofxModifierKeys_impl_mac.mm; sourceTree = "<group>"; };
		4D84E8DC19C38BA100D54F05 /* ofxModifierKeys_impl_win.cpp */ = {isa = PBXFileReference; fileEncoding = 4; lastKnownFileType = sourcecode.cpp.cpp; path = ofxModifierKeys_impl_win.cpp; sourceTree = "<group>"; };
		4DAFA43119BC931C008E9A14 /* ofxCocoaGLView.h */ = {isa = PBXFileReference; fileEncoding = 4; lastKnownFileType = sourcecode.c.h; name = ofxCocoaGLView.h; path = Cocoa/ofxCocoaGLView.h; sourceTree = "<group>"; };
		4DAFA43219BC931C008E9A14 /* ofxCocoaGLView.mm */ = {isa = PBXFileReference; fileEncoding = 4; lastKnownFileType = sourcecode.cpp.objcpp; name = ofxCocoaGLView.mm; path = Cocoa/ofxCocoaGLView.mm; sourceTree = "<group>"; };
		4DC0481B19C343D500346B96 /* dt_ui_zoom.cpp */ = {isa = PBXFileReference; fileEncoding = 4; lastKnownFileType = sourcecode.cpp.cpp; lineEnding = 0; path = dt_ui_zoom.cpp; sourceTree = "<group>"; xcLanguageSpecificationIdentifier = xcode.lang.cpp; };
		4DC0481C19C343D500346B96 /* dt_ui_zoom.h */ = {isa = PBXFileReference; fileEncoding = 4; lastKnownFileType = sourcecode.c.h; path = dt_ui_zoom.h; sourceTree = "<group>"; };
		4DC0481E19C345C900346B96 /* dt_mouse_gesture.cpp */ = {isa = PBXFileReference; fileEncoding = 4; lastKnownFileType = sourcecode.cpp.cpp; path = dt_mouse_gesture.cpp; sourceTree = "<group>"; };
		4DC0481F19C345C900346B96 /* dt_mouse_gesture.h */ = {isa = PBXFileReference; fileEncoding = 4; lastKnownFileType = sourcecode.c.h; path = dt_mouse_gesture.h; sourceTree = "<group>"; };
		4E95FB446A9C9C6F0DE12D75 /* OscPrintReceivedElements.h */ = {isa = PBXFileReference; explicitFileType = sourcecode.c.h; fileEncoding = 30; name = OscPrintReceivedElements.h; path = ../../../addons/ofxOsc/libs/oscpack/src/osc/OscPrintReceivedElements.h; sourceTree = SOURCE_ROOT; };
		50DF87D612C5AAE17AAFA6C0 /* ofxXmlSettings.cpp */ = {isa = PBXFileReference; explicitFileType = sourcecode.cpp.cpp; fileEncoding = 30; name = ofxXmlSettings.cpp; path = ../../../addons/ofxXmlSettings/src/ofxXmlSettings.cpp; sourceTree = SOURCE_ROOT; };
		582921BA98D224ED41833868 /* svgtiny_gradient.cpp */ = {isa = PBXFileReference; explicitFileType = sourcecode.cpp.cpp; fileEncoding = 30; name = svgtiny_gradient.cpp; path = ../../../addons/ofxSvg/libs/svgTiny/src/svgtiny_gradient.cpp; sourceTree = SOURCE_ROOT; };
		5F118C5DAAA61D8DB376BB3F /* svgtiny_internal.h */ = {isa = PBXFileReference; explicitFileType = sourcecode.c.h; fileEncoding = 30; name = svgtiny_internal.h; path = ../../../addons/ofxSvg/libs/svgTiny/src/svgtiny_internal.h; sourceTree = SOURCE_ROOT; };
		63A47AC60FFAFC3BF093EC0F /* OscOutboundPacketStream.cpp */ = {isa = PBXFileReference; explicitFileType = sourcecode.cpp.cpp; fileEncoding = 30; name = OscOutboundPacketStream.cpp; path = ../../../addons/ofxOsc/libs/oscpack/src/osc/OscOutboundPacketStream.cpp; sourceTree = SOURCE_ROOT; };
		65EEFA3DA3526E9CDD9C21F9 /* ofxOscBundle.cpp */ = {isa = PBXFileReference; explicitFileType = sourcecode.cpp.cpp; fileEncoding = 30; name = ofxOscBundle.cpp; path = ../../../addons/ofxOsc/src/ofxOscBundle.cpp; sourceTree = SOURCE_ROOT; };
		6A13F63E1B7BEFE400E63E53 /* dt_clock_sender_audio_pulse.cpp */ = {isa = PBXFileReference; fileEncoding = 4; lastKnownFileType = sourcecode.cpp.cpp; path = dt_clock_sender_audio_pulse.cpp; sourceTree = "<group>"; };
		6A13F63F1B7BEFE400E63E53 /* dt_clock_sender_audio_pulse.h */ = {isa = PBXFileReference; fileEncoding = 4; lastKnownFileType = sourcecode.c.h; path = dt_clock_sender_audio_pulse.h; sourceTree = "<group>"; };
		6B65E6930994CC4B2D2B8B33 /* OscPacketListener.h */ = {isa = PBXFileReference; explicitFileType = sourcecode.c.h; fileEncoding = 30; name = OscPacketListener.h; path = ../../../addons/ofxOsc/libs/oscpack/src/osc/OscPacketListener.h; sourceTree = SOURCE_ROOT; };
		7689F8A0F3D0B7635A8C3104 /* ofxOscArg.h */ = {isa = PBXFileReference; explicitFileType = sourcecode.c.h; fileEncoding = 30; name = ofxOscArg.h; path = ../../../addons/ofxOsc/src/ofxOscArg.h; sourceTree = SOURCE_ROOT; };
		81967292BFC87A0144BD32C6 /* ofxOscSender.cpp */ = {isa = PBXFileReference; explicitFileType = sourcecode.cpp.cpp; fileEncoding = 30; name = ofxOscSender.cpp; path = ../../../addons/ofxOsc/src/ofxOscSender.cpp; sourceTree = SOURCE_ROOT; };
		832BDC407620CDBA568B713D /* tinyxmlerror.cpp */ = {isa = PBXFileReference; explicitFileType = sourcecode.cpp.cpp; fileEncoding = 30; name = tinyxmlerror.cpp; path = ../../../addons/ofxXmlSettings/libs/tinyxmlerror.cpp; sourceTree = SOURCE_ROOT; };
		8496B2EC1E99749200BC8AB9 /* dt_sequence_thread_base.h */ = {isa = PBXFileReference; lastKnownFileType = sourcecode.c.h; path = dt_sequence_thread_base.h; sourceTree = "<group>"; };
		8496B38F1E997AB900BC8AB9 /* README */ = {isa = PBXFileReference; fileEncoding = 4; lastKnownFileType = text; path = README; sourceTree = "<group>"; };
		8496B3911E997AB900BC8AB9 /* ofxTransitions.cpp */ = {isa = PBXFileReference; fileEncoding = 4; lastKnownFileType = sourcecode.cpp.cpp; path = ofxTransitions.cpp; sourceTree = "<group>"; };
		8496B3921E997AB900BC8AB9 /* ofxTransitions.h */ = {isa = PBXFileReference; fileEncoding = 4; lastKnownFileType = sourcecode.c.h; path = ofxTransitions.h; sourceTree = "<group>"; };
		8496B3931E997AB900BC8AB9 /* ofxTweener.cpp */ = {isa = PBXFileReference; fileEncoding = 4; lastKnownFileType = sourcecode.cpp.cpp; path = ofxTweener.cpp; sourceTree = "<group>"; };
		8496B3941E997AB900BC8AB9 /* ofxTweener.h */ = {isa = PBXFileReference; fileEncoding = 4; lastKnownFileType = sourcecode.c.h; path = ofxTweener.h; sourceTree = "<group>"; };
		8AF5CDE1B5F658D7DE6849D5 /* svgtiny.h */ = {isa = PBXFileReference; explicitFileType = sourcecode.c.h; fileEncoding = 30; name = svgtiny.h; path = ../../../addons/ofxSvg/libs/svgTiny/src/svgtiny.h; sourceTree = SOURCE_ROOT; };
		8B30E93FD3D3475EED522A0E /* ofxOscBundle.h */ = {isa = PBXFileReference; explicitFileType = sourcecode.c.h; fileEncoding = 30; name = ofxOscBundle.h; path = ../../../addons/ofxOsc/src/ofxOscBundle.h; sourceTree = SOURCE_ROOT; };
		8C75AFC8774A62495DD53464 /* ofxOscReceiver.h */ = {isa = PBXFileReference; explicitFileType = sourcecode.c.h; fileEncoding = 30; name = ofxOscReceiver.h; path = ../../../addons/ofxOsc/src/ofxOscReceiver.h; sourceTree = SOURCE_ROOT; };
		9BF3AA0D4FAA89D0F8A0E545 /* OscReceivedElements.cpp */ = {isa = PBXFileReference; explicitFileType = sourcecode.cpp.cpp; fileEncoding = 30; name = OscReceivedElements.cpp; path = ../../../addons/ofxOsc/libs/oscpack/src/osc/OscReceivedElements.cpp; sourceTree = SOURCE_ROOT; };
		9F7986DC4EB05E75FCE2C777 /* ofxOscSender.h */ = {isa = PBXFileReference; explicitFileType = sourcecode.c.h; fileEncoding = 30; name = ofxOscSender.h; path = ../../../addons/ofxOsc/src/ofxOscSender.h; sourceTree = SOURCE_ROOT; };
		A2AAA8CA403479E6FCDF920E /* OscHostEndianness.h */ = {isa = PBXFileReference; explicitFileType = sourcecode.c.h; fileEncoding = 30; name = OscHostEndianness.h; path = ../../../addons/ofxOsc/libs/oscpack/src/osc/OscHostEndianness.h; sourceTree = SOURCE_ROOT; };
		ADD194746185E2DA11468377 /* IpEndpointName.cpp */ = {isa = PBXFileReference; explicitFileType = sourcecode.cpp.cpp; fileEncoding = 30; name = IpEndpointName.cpp; path = ../../../addons/ofxOsc/libs/oscpack/src/ip/IpEndpointName.cpp; sourceTree = SOURCE_ROOT; };
		AE335EB4709BFD4671EEAC84 /* MessageMappingOscPacketListener.h */ = {isa = PBXFileReference; explicitFileType = sourcecode.c.h; fileEncoding = 30; name = MessageMappingOscPacketListener.h; path = ../../../addons/ofxOsc/libs/oscpack/src/osc/MessageMappingOscPacketListener.h; sourceTree = SOURCE_ROOT; };
		B21E7E5F548EEA92F368040B /* tinyxml.h */ = {isa = PBXFileReference; explicitFileType = sourcecode.c.h; fileEncoding = 30; name = tinyxml.h; path = ../../../addons/ofxXmlSettings/libs/tinyxml.h; sourceTree = SOURCE_ROOT; };
		B31C608870ECEB2490A93736 /* ofxOscParameterSync.h */ = {isa = PBXFileReference; explicitFileType = sourcecode.c.h; fileEncoding = 30; name = ofxOscParameterSync.h; path = ../../../addons/ofxOsc/src/ofxOscParameterSync.h; sourceTree = SOURCE_ROOT; };
		B9E16009E1772C6D00B20013 /* ofxSvg.cpp */ = {isa = PBXFileReference; explicitFileType = sourcecode.cpp.cpp; fileEncoding = 30; name = ofxSvg.cpp; path = ../../../addons/ofxSvg/src/ofxSvg.cpp; sourceTree = SOURCE_ROOT; };
		BC8881B3C8C0A1C45F042E7A /* OscPrintReceivedElements.cpp */ = {isa = PBXFileReference; explicitFileType = sourcecode.cpp.cpp; fileEncoding = 30; name = OscPrintReceivedElements.cpp; path = ../../../addons/ofxOsc/libs/oscpack/src/osc/OscPrintReceivedElements.cpp; sourceTree = SOURCE_ROOT; };
		C2FAC65C491D4231379F3298 /* ofxOscReceiver.cpp */ = {isa = PBXFileReference; explicitFileType = sourcecode.cpp.cpp; fileEncoding = 30; name = ofxOscReceiver.cpp; path = ../../../addons/ofxOsc/src/ofxOscReceiver.cpp; sourceTree = SOURCE_ROOT; };
		C58862C6D212C8E8A83810F4 /* ofxOscMessage.h */ = {isa = PBXFileReference; explicitFileType = sourcecode.c.h; fileEncoding = 30; name = ofxOscMessage.h; path = ../../../addons/ofxOsc/src/ofxOscMessage.h; sourceTree = SOURCE_ROOT; };
		C6937888E126BADC8777423B /* OscTypes.h */ = {isa = PBXFileReference; explicitFileType = sourcecode.c.h; fileEncoding = 30; name = OscTypes.h; path = ../../../addons/ofxOsc/libs/oscpack/src/osc/OscTypes.h; sourceTree = SOURCE_ROOT; };
		D9BFFBBF4CC43DEE890B3C3E /* OscTypes.cpp */ = {isa = PBXFileReference; explicitFileType = sourcecode.cpp.cpp; fileEncoding = 30; name = OscTypes.cpp; path = ../../../addons/ofxOsc/libs/oscpack/src/osc/OscTypes.cpp; sourceTree = SOURCE_ROOT; };
		DF49D76C45D5DB505A234880 /* ofxOscMessage.cpp */ = {isa = PBXFileReference; explicitFileType = sourcecode.cpp.cpp; fileEncoding = 30; name = ofxOscMessage.cpp; path = ../../../addons/ofxOsc/src/ofxOscMessage.cpp; sourceTree = SOURCE_ROOT; };
		E4328143138ABC890047C5CB /* openFrameworksLib.xcodeproj */ = {isa = PBXFileReference; lastKnownFileType = "wrapper.pb-project"; name = openFrameworksLib.xcodeproj; path = ../../../libs/openFrameworksCompiled/project/osx/openFrameworksLib.xcodeproj; sourceTree = SOURCE_ROOT; };
		E45BE9710E8CC7DD009D7055 /* AGL.framework */ = {isa = PBXFileReference; lastKnownFileType = wrapper.framework; name = AGL.framework; path = /System/Library/Frameworks/AGL.framework; sourceTree = "<absolute>"; };
		E45BE9720E8CC7DD009D7055 /* ApplicationServices.framework */ = {isa = PBXFileReference; lastKnownFileType = wrapper.framework; name = ApplicationServices.framework; path = /System/Library/Frameworks/ApplicationServices.framework; sourceTree = "<absolute>"; };
		E45BE9730E8CC7DD009D7055 /* AudioToolbox.framework */ = {isa = PBXFileReference; lastKnownFileType = wrapper.framework; name = AudioToolbox.framework; path = /System/Library/Frameworks/AudioToolbox.framework; sourceTree = "<absolute>"; };
		E45BE9750E8CC7DD009D7055 /* CoreAudio.framework */ = {isa = PBXFileReference; lastKnownFileType = wrapper.framework; name = CoreAudio.framework; path = /System/Library/Frameworks/CoreAudio.framework; sourceTree = "<absolute>"; };
		E45BE9760E8CC7DD009D7055 /* CoreFoundation.framework */ = {isa = PBXFileReference; lastKnownFileType = wrapper.framework; name = CoreFoundation.framework; path = /System/Library/Frameworks/CoreFoundation.framework; sourceTree = "<absolute>"; };
		E45BE9770E8CC7DD009D7055 /* CoreServices.framework */ = {isa = PBXFileReference; lastKnownFileType = wrapper.framework; name = CoreServices.framework; path = /System/Library/Frameworks/CoreServices.framework; sourceTree = "<absolute>"; };
		E45BE9790E8CC7DD009D7055 /* OpenGL.framework */ = {isa = PBXFileReference; lastKnownFileType = wrapper.framework; name = OpenGL.framework; path = /System/Library/Frameworks/OpenGL.framework; sourceTree = "<absolute>"; };
		E4B69B5B0A3A1756003C02F2 /* dial_composerDebug.app */ = {isa = PBXFileReference; explicitFileType = wrapper.application; includeInIndex = 0; path = dial_composerDebug.app; sourceTree = BUILT_PRODUCTS_DIR; };
		E4B6FCAD0C3E899E008CF71C /* openFrameworks-Info.plist */ = {isa = PBXFileReference; fileEncoding = 30; lastKnownFileType = text.plist.xml; path = "openFrameworks-Info.plist"; sourceTree = "<group>"; };
		E4C2424410CC5A17004149E2 /* AppKit.framework */ = {isa = PBXFileReference; lastKnownFileType = wrapper.framework; name = AppKit.framework; path = /System/Library/Frameworks/AppKit.framework; sourceTree = "<absolute>"; };
		E4C2424510CC5A17004149E2 /* Cocoa.framework */ = {isa = PBXFileReference; lastKnownFileType = wrapper.framework; name = Cocoa.framework; path = /System/Library/Frameworks/Cocoa.framework; sourceTree = "<absolute>"; };
		E4C2424610CC5A17004149E2 /* IOKit.framework */ = {isa = PBXFileReference; lastKnownFileType = wrapper.framework; name = IOKit.framework; path = /System/Library/Frameworks/IOKit.framework; sourceTree = "<absolute>"; };
		E4EB691F138AFCF100A09F29 /* CoreOF.xcconfig */ = {isa = PBXFileReference; fileEncoding = 4; lastKnownFileType = text.xcconfig; name = CoreOF.xcconfig; path = ../../../libs/openFrameworksCompiled/project/osx/CoreOF.xcconfig; sourceTree = SOURCE_ROOT; };
		E4EB6923138AFD0F00A09F29 /* Project.xcconfig */ = {isa = PBXFileReference; fileEncoding = 4; lastKnownFileType = text.xcconfig; path = Project.xcconfig; sourceTree = "<group>"; };
		E6DEF695B88BA5FAACEAA937 /* UdpSocket.cpp */ = {isa = PBXFileReference; explicitFileType = sourcecode.cpp.cpp; fileEncoding = 30; name = UdpSocket.cpp; path = ../../../addons/ofxOsc/libs/oscpack/src/ip/posix/UdpSocket.cpp; sourceTree = SOURCE_ROOT; };
		E7E077E415D3B63C0020DFD4 /* CoreVideo.framework */ = {isa = PBXFileReference; lastKnownFileType = wrapper.framework; name = CoreVideo.framework; path = /System/Library/Frameworks/CoreVideo.framework; sourceTree = "<absolute>"; };
		E7E077E715D3B6510020DFD4 /* QTKit.framework */ = {isa = PBXFileReference; lastKnownFileType = wrapper.framework; name = QTKit.framework; path = /System/Library/Frameworks/QTKit.framework; sourceTree = "<absolute>"; };
		E7F985F515E0DE99003869B5 /* Accelerate.framework */ = {isa = PBXFileReference; lastKnownFileType = wrapper.framework; name = Accelerate.framework; path = /System/Library/Frameworks/Accelerate.framework; sourceTree = "<absolute>"; };
		E91F55DEDD14B7F4BACED9B4 /* ofxSvg.h */ = {isa = PBXFileReference; explicitFileType = sourcecode.c.h; fileEncoding = 30; name = ofxSvg.h; path = ../../../addons/ofxSvg/src/ofxSvg.h; sourceTree = SOURCE_ROOT; };
		F4F5B6B8BA2BD52C646ED908 /* OscException.h */ = {isa = PBXFileReference; explicitFileType = sourcecode.c.h; fileEncoding = 30; name = OscException.h; path = ../../../addons/ofxOsc/libs/oscpack/src/osc/OscException.h; sourceTree = SOURCE_ROOT; };
		F6075DC1194DD26F00F8F7E0 /* iOSVersionDetection.h */ = {isa = PBXFileReference; lastKnownFileType = sourcecode.c.h; path = iOSVersionDetection.h; sourceTree = "<group>"; };
		F6075DC2194DD26F00F8F7E0 /* PGArc.h */ = {isa = PBXFileReference; lastKnownFileType = sourcecode.c.h; path = PGArc.h; sourceTree = "<group>"; };
		F6075DC3194DD26F00F8F7E0 /* PGMidi.h */ = {isa = PBXFileReference; lastKnownFileType = sourcecode.c.h; path = PGMidi.h; sourceTree = "<group>"; };
		F6075DC4194DD26F00F8F7E0 /* PGMidi.mm */ = {isa = PBXFileReference; lastKnownFileType = sourcecode.cpp.objcpp; path = PGMidi.mm; sourceTree = "<group>"; };
		F6075DC5194DD26F00F8F7E0 /* PGMidiAllSources.h */ = {isa = PBXFileReference; lastKnownFileType = sourcecode.c.h; path = PGMidiAllSources.h; sourceTree = "<group>"; };
		F6075DC6194DD26F00F8F7E0 /* PGMidiAllSources.mm */ = {isa = PBXFileReference; lastKnownFileType = sourcecode.cpp.objcpp; path = PGMidiAllSources.mm; sourceTree = "<group>"; };
		F6075DC7194DD26F00F8F7E0 /* PGMidiFind.h */ = {isa = PBXFileReference; lastKnownFileType = sourcecode.c.h; path = PGMidiFind.h; sourceTree = "<group>"; };
		F6075DC8194DD26F00F8F7E0 /* PGMidiFind.mm */ = {isa = PBXFileReference; lastKnownFileType = sourcecode.cpp.objcpp; path = PGMidiFind.mm; sourceTree = "<group>"; };
		F6075DC9194DD26F00F8F7E0 /* README.md */ = {isa = PBXFileReference; lastKnownFileType = text; path = README.md; sourceTree = "<group>"; };
		F6075DCB194DD26F00F8F7E0 /* readme */ = {isa = PBXFileReference; lastKnownFileType = text; path = readme; sourceTree = "<group>"; };
		F6075DCC194DD26F00F8F7E0 /* RtError.h */ = {isa = PBXFileReference; lastKnownFileType = sourcecode.c.h; path = RtError.h; sourceTree = "<group>"; };
		F6075DCD194DD26F00F8F7E0 /* RtMidi.cpp */ = {isa = PBXFileReference; lastKnownFileType = sourcecode.cpp.cpp; path = RtMidi.cpp; sourceTree = "<group>"; };
		F6075DCE194DD26F00F8F7E0 /* RtMidi.h */ = {isa = PBXFileReference; lastKnownFileType = sourcecode.c.h; path = RtMidi.h; sourceTree = "<group>"; };
		F6075DCF194DD26F00F8F7E0 /* LICENSE.txt */ = {isa = PBXFileReference; lastKnownFileType = text; path = LICENSE.txt; sourceTree = "<group>"; };
		F6075DD0194DD26F00F8F7E0 /* ofxaddons_thumbnail.png */ = {isa = PBXFileReference; lastKnownFileType = image.png; path = ofxaddons_thumbnail.png; sourceTree = "<group>"; };
		F6075DD1194DD26F00F8F7E0 /* README.md */ = {isa = PBXFileReference; lastKnownFileType = text; path = README.md; sourceTree = "<group>"; };
		F6075DDA194DD26F00F8F7E0 /* ofxRtMidiIn.cpp */ = {isa = PBXFileReference; lastKnownFileType = sourcecode.cpp.cpp; path = ofxRtMidiIn.cpp; sourceTree = "<group>"; };
		F6075DDB194DD26F00F8F7E0 /* ofxRtMidiIn.h */ = {isa = PBXFileReference; lastKnownFileType = sourcecode.c.h; path = ofxRtMidiIn.h; sourceTree = "<group>"; };
		F6075DDC194DD26F00F8F7E0 /* ofxRtMidiOut.cpp */ = {isa = PBXFileReference; lastKnownFileType = sourcecode.cpp.cpp; path = ofxRtMidiOut.cpp; sourceTree = "<group>"; };
		F6075DDD194DD26F00F8F7E0 /* ofxRtMidiOut.h */ = {isa = PBXFileReference; lastKnownFileType = sourcecode.c.h; path = ofxRtMidiOut.h; sourceTree = "<group>"; };
		F6075DE9194DD26F00F8F7E0 /* ofxBaseMidi.cpp */ = {isa = PBXFileReference; lastKnownFileType = sourcecode.cpp.cpp; path = ofxBaseMidi.cpp; sourceTree = "<group>"; };
		F6075DEA194DD26F00F8F7E0 /* ofxBaseMidi.h */ = {isa = PBXFileReference; lastKnownFileType = sourcecode.c.h; path = ofxBaseMidi.h; sourceTree = "<group>"; };
		F6075DEB194DD26F00F8F7E0 /* ofxMidi.cpp */ = {isa = PBXFileReference; lastKnownFileType = sourcecode.cpp.cpp; path = ofxMidi.cpp; sourceTree = "<group>"; };
		F6075DEC194DD26F00F8F7E0 /* ofxMidi.h */ = {isa = PBXFileReference; lastKnownFileType = sourcecode.c.h; path = ofxMidi.h; sourceTree = "<group>"; };
		F6075DED194DD26F00F8F7E0 /* ofxMidiConstants.h */ = {isa = PBXFileReference; lastKnownFileType = sourcecode.c.h; path = ofxMidiConstants.h; sourceTree = "<group>"; };
		F6075DEE194DD26F00F8F7E0 /* ofxMidiIn.cpp */ = {isa = PBXFileReference; lastKnownFileType = sourcecode.cpp.cpp; path = ofxMidiIn.cpp; sourceTree = "<group>"; };
		F6075DEF194DD26F00F8F7E0 /* ofxMidiIn.h */ = {isa = PBXFileReference; lastKnownFileType = sourcecode.c.h; path = ofxMidiIn.h; sourceTree = "<group>"; };
		F6075DF0194DD26F00F8F7E0 /* ofxMidiMessage.cpp */ = {isa = PBXFileReference; lastKnownFileType = sourcecode.cpp.cpp; path = ofxMidiMessage.cpp; sourceTree = "<group>"; };
		F6075DF1194DD26F00F8F7E0 /* ofxMidiMessage.h */ = {isa = PBXFileReference; lastKnownFileType = sourcecode.c.h; path = ofxMidiMessage.h; sourceTree = "<group>"; };
		F6075DF2194DD26F00F8F7E0 /* ofxMidiOut.cpp */ = {isa = PBXFileReference; lastKnownFileType = sourcecode.cpp.cpp; path = ofxMidiOut.cpp; sourceTree = "<group>"; };
		F6075DF3194DD26F00F8F7E0 /* ofxMidiOut.h */ = {isa = PBXFileReference; lastKnownFileType = sourcecode.c.h; path = ofxMidiOut.h; sourceTree = "<group>"; };
		F6075DF4194DD26F00F8F7E0 /* ofxMidiTypes.h */ = {isa = PBXFileReference; lastKnownFileType = sourcecode.c.h; path = ofxMidiTypes.h; sourceTree = "<group>"; };
		F6075E07194DD88300F8F7E0 /* dt_midi_sender.h */ = {isa = PBXFileReference; fileEncoding = 4; lastKnownFileType = sourcecode.c.h; path = dt_midi_sender.h; sourceTree = "<group>"; };
		F6075E16194DEA9600F8F7E0 /* CoreMIDI.framework */ = {isa = PBXFileReference; lastKnownFileType = wrapper.framework; name = CoreMIDI.framework; path = System/Library/Frameworks/CoreMIDI.framework; sourceTree = SDKROOT; };
		F63412E6194A6BE400B2E3CC /* dt_sequence_thread_audio.cpp */ = {isa = PBXFileReference; fileEncoding = 4; lastKnownFileType = sourcecode.cpp.cpp; lineEnding = 0; path = dt_sequence_thread_audio.cpp; sourceTree = "<group>"; xcLanguageSpecificationIdentifier = xcode.lang.cpp; };
		F63412E7194A6BE400B2E3CC /* dt_sequence_thread_audio.h */ = {isa = PBXFileReference; fileEncoding = 4; lastKnownFileType = sourcecode.c.h; path = dt_sequence_thread_audio.h; sourceTree = "<group>"; };
		F64097821953EA440021407A /* dt_circle_drawer.h */ = {isa = PBXFileReference; fileEncoding = 4; lastKnownFileType = sourcecode.c.h; path = dt_circle_drawer.h; sourceTree = "<group>"; };
		F65D786419631B3B00C42128 /* def.h */ = {isa = PBXFileReference; lastKnownFileType = sourcecode.c.h; path = def.h; sourceTree = "<group>"; };
		F66E1D70195E813700CEE795 /* dt_linear_drawer.cpp */ = {isa = PBXFileReference; fileEncoding = 4; lastKnownFileType = sourcecode.cpp.cpp; lineEnding = 0; path = dt_linear_drawer.cpp; sourceTree = "<group>"; xcLanguageSpecificationIdentifier = xcode.lang.cpp; };
		F66E1D71195E813700CEE795 /* dt_linear_drawer.h */ = {isa = PBXFileReference; fileEncoding = 4; lastKnownFileType = sourcecode.c.h; path = dt_linear_drawer.h; sourceTree = "<group>"; };
		F672E43519BE796200C07C5E /* MainMenu.xib */ = {isa = PBXFileReference; fileEncoding = 4; lastKnownFileType = file.xib; path = MainMenu.xib; sourceTree = "<group>"; };
		F6AD808D19C220AD00D210F5 /* dt_mode_manager.h */ = {isa = PBXFileReference; fileEncoding = 4; lastKnownFileType = sourcecode.c.h; path = dt_mode_manager.h; sourceTree = "<group>"; };
		F6AD809119C2257F00D210F5 /* dt_mode_manager.cpp */ = {isa = PBXFileReference; fileEncoding = 4; lastKnownFileType = sourcecode.cpp.cpp; path = dt_mode_manager.cpp; sourceTree = "<group>"; };
		F6B0939919713A2A00619955 /* dt_config.h */ = {isa = PBXFileReference; fileEncoding = 4; lastKnownFileType = sourcecode.c.h; path = dt_config.h; sourceTree = "<group>"; };
		F6B0939A1971414700619955 /* dt_config.cpp */ = {isa = PBXFileReference; fileEncoding = 4; lastKnownFileType = sourcecode.cpp.cpp; lineEnding = 0; path = dt_config.cpp; sourceTree = "<group>"; xcLanguageSpecificationIdentifier = xcode.lang.cpp; };
		F6B766B61947984B00B0741D /* dt_circle_all_containers.cpp */ = {isa = PBXFileReference; fileEncoding = 4; lastKnownFileType = sourcecode.cpp.cpp; lineEnding = 0; path = dt_circle_all_containers.cpp; sourceTree = "<group>"; xcLanguageSpecificationIdentifier = xcode.lang.cpp; };
		F6B766B71947984B00B0741D /* dt_circle_all_containers.h */ = {isa = PBXFileReference; fileEncoding = 4; lastKnownFileType = sourcecode.c.h; path = dt_circle_all_containers.h; sourceTree = "<group>"; };
		F6B766B81947984B00B0741D /* dt_circle_base.h */ = {isa = PBXFileReference; fileEncoding = 4; lastKnownFileType = sourcecode.c.h; path = dt_circle_base.h; sourceTree = "<group>"; };
		F6B766B91947984B00B0741D /* dt_circle_base.cpp */ = {isa = PBXFileReference; fileEncoding = 4; lastKnownFileType = sourcecode.cpp.cpp; lineEnding = 0; path = dt_circle_base.cpp; sourceTree = "<group>"; xcLanguageSpecificationIdentifier = xcode.lang.cpp; };
		F6B766BA1947984B00B0741D /* dt_circle_container.h */ = {isa = PBXFileReference; fileEncoding = 4; lastKnownFileType = sourcecode.c.h; lineEnding = 0; path = dt_circle_container.h; sourceTree = "<group>"; xcLanguageSpecificationIdentifier = xcode.lang.objcpp; };
		F6B766BC1947984B00B0741D /* dt_circle_note_on.h */ = {isa = PBXFileReference; fileEncoding = 4; lastKnownFileType = sourcecode.c.h; path = dt_circle_note_on.h; sourceTree = "<group>"; };
		F6B766BD1947984B00B0741D /* dt_circle_note_on.cpp */ = {isa = PBXFileReference; fileEncoding = 4; lastKnownFileType = sourcecode.cpp.cpp; lineEnding = 0; path = dt_circle_note_on.cpp; sourceTree = "<group>"; xcLanguageSpecificationIdentifier = xcode.lang.cpp; };
		F6B766BE1947984B00B0741D /* dt_circle_param.h */ = {isa = PBXFileReference; fileEncoding = 4; lastKnownFileType = sourcecode.c.h; path = dt_circle_param.h; sourceTree = "<group>"; };
		F6B766BF1947984B00B0741D /* dt_circle_param.cpp */ = {isa = PBXFileReference; fileEncoding = 4; lastKnownFileType = sourcecode.cpp.cpp; lineEnding = 0; path = dt_circle_param.cpp; sourceTree = "<group>"; xcLanguageSpecificationIdentifier = xcode.lang.cpp; };
		F6B766C71947984B00B0741D /* dt_dial_ui.h */ = {isa = PBXFileReference; fileEncoding = 4; lastKnownFileType = sourcecode.c.h; path = dt_dial_ui.h; sourceTree = "<group>"; };
		F6B766C81947984B00B0741D /* dt_dial_ui.cpp */ = {isa = PBXFileReference; fileEncoding = 4; lastKnownFileType = sourcecode.cpp.cpp; lineEnding = 0; path = dt_dial_ui.cpp; sourceTree = "<group>"; xcLanguageSpecificationIdentifier = xcode.lang.cpp; };
		F6B766C91947984B00B0741D /* dt_font_manager.h */ = {isa = PBXFileReference; fileEncoding = 4; lastKnownFileType = sourcecode.c.h; path = dt_font_manager.h; sourceTree = "<group>"; };
		F6B766CB1947984B00B0741D /* dt_osc_sender.h */ = {isa = PBXFileReference; fileEncoding = 4; lastKnownFileType = sourcecode.c.h; path = dt_osc_sender.h; sourceTree = "<group>"; };
		F6B766CC1947984B00B0741D /* dt_osc_sender.mm */ = {isa = PBXFileReference; fileEncoding = 4; lastKnownFileType = sourcecode.cpp.objcpp; path = dt_osc_sender.mm; sourceTree = "<group>"; };
		F6B766CD1947984B00B0741D /* dt_rhythm_lib.h */ = {isa = PBXFileReference; fileEncoding = 4; lastKnownFileType = sourcecode.c.h; path = dt_rhythm_lib.h; sourceTree = "<group>"; };
		F6B766CE1947984B00B0741D /* dt_rhythm_lib.cpp */ = {isa = PBXFileReference; fileEncoding = 4; lastKnownFileType = sourcecode.cpp.cpp; path = dt_rhythm_lib.cpp; sourceTree = "<group>"; };
		F6B766CF1947984B00B0741D /* dt_sequence_thread_boost.h */ = {isa = PBXFileReference; fileEncoding = 4; lastKnownFileType = sourcecode.c.h; path = dt_sequence_thread_boost.h; sourceTree = "<group>"; };
		F6B766D01947984B00B0741D /* dt_sequence_thread_boost.cpp */ = {isa = PBXFileReference; fileEncoding = 4; lastKnownFileType = sourcecode.cpp.cpp; lineEnding = 0; path = dt_sequence_thread_boost.cpp; sourceTree = "<group>"; xcLanguageSpecificationIdentifier = xcode.lang.cpp; };
		F6B766D11947984B00B0741D /* dt_sequence_thread_oF.h */ = {isa = PBXFileReference; fileEncoding = 4; lastKnownFileType = sourcecode.c.h; path = dt_sequence_thread_oF.h; sourceTree = "<group>"; };
		F6B766D21947984B00B0741D /* dt_sequence_thread_oF.cpp */ = {isa = PBXFileReference; fileEncoding = 4; lastKnownFileType = sourcecode.cpp.cpp; lineEnding = 0; path = dt_sequence_thread_oF.cpp; sourceTree = "<group>"; xcLanguageSpecificationIdentifier = xcode.lang.cpp; };
		F6B766D31947984B00B0741D /* dt_sequence_thread.h */ = {isa = PBXFileReference; fileEncoding = 4; lastKnownFileType = sourcecode.c.h; path = dt_sequence_thread.h; sourceTree = "<group>"; };
		F6B766D41947984B00B0741D /* dt_sequencer.h */ = {isa = PBXFileReference; fileEncoding = 4; lastKnownFileType = sourcecode.c.h; path = dt_sequencer.h; sourceTree = "<group>"; };
		F6B766D51947984B00B0741D /* dt_sequencer.cpp */ = {isa = PBXFileReference; fileEncoding = 4; lastKnownFileType = sourcecode.cpp.cpp; lineEnding = 0; path = dt_sequencer.cpp; sourceTree = "<group>"; xcLanguageSpecificationIdentifier = xcode.lang.cpp; };
		F6B766D61947984B00B0741D /* dt_ui_home.h */ = {isa = PBXFileReference; fileEncoding = 4; lastKnownFileType = sourcecode.c.h; path = dt_ui_home.h; sourceTree = "<group>"; };
		F6B766D71947984B00B0741D /* dt_ui_home.cpp */ = {isa = PBXFileReference; fileEncoding = 4; lastKnownFileType = sourcecode.cpp.cpp; lineEnding = 0; path = dt_ui_home.cpp; sourceTree = "<group>"; xcLanguageSpecificationIdentifier = xcode.lang.cpp; };
		F6B766D81947984B00B0741D /* main.mm */ = {isa = PBXFileReference; fileEncoding = 4; lastKnownFileType = sourcecode.cpp.objcpp; path = main.mm; sourceTree = "<group>"; };
		F6B766D91947984B00B0741D /* ofApp.mm */ = {isa = PBXFileReference; fileEncoding = 4; lastKnownFileType = sourcecode.cpp.objcpp; path = ofApp.mm; sourceTree = "<group>"; };
		F6B766EA1947987100B0741D /* ofApp.h */ = {isa = PBXFileReference; lastKnownFileType = sourcecode.c.h; path = ofApp.h; sourceTree = "<group>"; };
		F6EE1B3B196AA4E600A77A20 /* ofxBaseGui.cpp */ = {isa = PBXFileReference; lastKnownFileType = sourcecode.cpp.cpp; path = ofxBaseGui.cpp; sourceTree = "<group>"; };
		F6EE1B3C196AA4E600A77A20 /* ofxBaseGui.h */ = {isa = PBXFileReference; lastKnownFileType = sourcecode.c.h; path = ofxBaseGui.h; sourceTree = "<group>"; };
		F6EE1B3D196AA4E600A77A20 /* ofxButton.cpp */ = {isa = PBXFileReference; lastKnownFileType = sourcecode.cpp.cpp; path = ofxButton.cpp; sourceTree = "<group>"; };
		F6EE1B3E196AA4E600A77A20 /* ofxButton.h */ = {isa = PBXFileReference; lastKnownFileType = sourcecode.c.h; path = ofxButton.h; sourceTree = "<group>"; };
		F6EE1B3F196AA4E600A77A20 /* ofxGui.h */ = {isa = PBXFileReference; lastKnownFileType = sourcecode.c.h; path = ofxGui.h; sourceTree = "<group>"; };
		F6EE1B40196AA4E600A77A20 /* ofxGuiGroup.cpp */ = {isa = PBXFileReference; lastKnownFileType = sourcecode.cpp.cpp; path = ofxGuiGroup.cpp; sourceTree = "<group>"; };
		F6EE1B41196AA4E600A77A20 /* ofxGuiGroup.h */ = {isa = PBXFileReference; lastKnownFileType = sourcecode.c.h; path = ofxGuiGroup.h; sourceTree = "<group>"; };
		F6EE1B42196AA4E600A77A20 /* ofxLabel.cpp */ = {isa = PBXFileReference; lastKnownFileType = sourcecode.cpp.cpp; path = ofxLabel.cpp; sourceTree = "<group>"; };
		F6EE1B43196AA4E600A77A20 /* ofxLabel.h */ = {isa = PBXFileReference; lastKnownFileType = sourcecode.c.h; path = ofxLabel.h; sourceTree = "<group>"; };
		F6EE1B44196AA4E600A77A20 /* ofxPanel.cpp */ = {isa = PBXFileReference; lastKnownFileType = sourcecode.cpp.cpp; path = ofxPanel.cpp; sourceTree = "<group>"; };
		F6EE1B45196AA4E600A77A20 /* ofxPanel.h */ = {isa = PBXFileReference; lastKnownFileType = sourcecode.c.h; path = ofxPanel.h; sourceTree = "<group>"; };
		F6EE1B46196AA4E600A77A20 /* ofxSlider.cpp */ = {isa = PBXFileReference; lastKnownFileType = sourcecode.cpp.cpp; path = ofxSlider.cpp; sourceTree = "<group>"; };
		F6EE1B47196AA4E600A77A20 /* ofxSlider.h */ = {isa = PBXFileReference; lastKnownFileType = sourcecode.c.h; path = ofxSlider.h; sourceTree = "<group>"; };
		F6EE1B48196AA4E600A77A20 /* ofxSliderGroup.cpp */ = {isa = PBXFileReference; lastKnownFileType = sourcecode.cpp.cpp; path = ofxSliderGroup.cpp; sourceTree = "<group>"; };
		F6EE1B49196AA4E600A77A20 /* ofxSliderGroup.h */ = {isa = PBXFileReference; lastKnownFileType = sourcecode.c.h; path = ofxSliderGroup.h; sourceTree = "<group>"; };
		F6EE1B4A196AA4E600A77A20 /* ofxToggle.cpp */ = {isa = PBXFileReference; lastKnownFileType = sourcecode.cpp.cpp; path = ofxToggle.cpp; sourceTree = "<group>"; };
		F6EE1B4B196AA4E600A77A20 /* ofxToggle.h */ = {isa = PBXFileReference; lastKnownFileType = sourcecode.c.h; path = ofxToggle.h; sourceTree = "<group>"; };
		F7FBC56859535E597B24BB91 /* NetworkingUtils.h */ = {isa = PBXFileReference; explicitFileType = sourcecode.c.h; fileEncoding = 30; name = NetworkingUtils.h; path = ../../../addons/ofxOsc/libs/oscpack/src/ip/NetworkingUtils.h; sourceTree = SOURCE_ROOT; };
		FC5DA1C87211D4F6377DA719 /* tinyxmlparser.cpp */ = {isa = PBXFileReference; explicitFileType = sourcecode.cpp.cpp; fileEncoding = 30; name = tinyxmlparser.cpp; path = ../../../addons/ofxXmlSettings/libs/tinyxmlparser.cpp; sourceTree = SOURCE_ROOT; };
/* End PBXFileReference section */

/* Begin PBXFrameworksBuildPhase section */
		E4B69B590A3A1756003C02F2 /* Frameworks */ = {
			isa = PBXFrameworksBuildPhase;
			buildActionMask = 2147483647;
			files = (
				8496B3A41E997BA900BC8AB9 /* CoreMIDI.framework in Frameworks */,
				E4328149138ABC9F0047C5CB /* openFrameworksDebug.a in Frameworks */,
			);
			runOnlyForDeploymentPostprocessing = 0;
		};
/* End PBXFrameworksBuildPhase section */

/* Begin PBXGroup section */
		1F4FB5C423662B96ADFDCC0B /* ofxXmlSettings */ = {
			isa = PBXGroup;
			children = (
				6ECEF0D76BC33727823EADFF /* src */,
				6E54289412D2D94F45A05113 /* libs */,
			);
			name = ofxXmlSettings;
			sourceTree = "<group>";
		};
		30CB364908817057B430D528 /* osc */ = {
			isa = PBXGroup;
			children = (
				AE335EB4709BFD4671EEAC84 /* MessageMappingOscPacketListener.h */,
				F4F5B6B8BA2BD52C646ED908 /* OscException.h */,
				A2AAA8CA403479E6FCDF920E /* OscHostEndianness.h */,
				63A47AC60FFAFC3BF093EC0F /* OscOutboundPacketStream.cpp */,
				029684CF678F70F6D3537A29 /* OscOutboundPacketStream.h */,
				6B65E6930994CC4B2D2B8B33 /* OscPacketListener.h */,
				BC8881B3C8C0A1C45F042E7A /* OscPrintReceivedElements.cpp */,
				4E95FB446A9C9C6F0DE12D75 /* OscPrintReceivedElements.h */,
				9BF3AA0D4FAA89D0F8A0E545 /* OscReceivedElements.cpp */,
				20F35AFADAF0068B067E713F /* OscReceivedElements.h */,
				D9BFFBBF4CC43DEE890B3C3E /* OscTypes.cpp */,
				C6937888E126BADC8777423B /* OscTypes.h */,
			);
			name = osc;
			sourceTree = "<group>";
		};
		31941BAC71B339F7A3E32124 /* svgTiny */ = {
			isa = PBXGroup;
			children = (
				5CE3B297CDC4075D3D2398C5 /* src */,
			);
			name = svgTiny;
			sourceTree = "<group>";
		};
		38871A5825686AE018EC2BF0 /* libs */ = {
			isa = PBXGroup;
			children = (
				86D2677079A3AF4A5A88E29A /* oscpack */,
			);
			name = libs;
			sourceTree = "<group>";
		};
		4D199EB319BC0830000D4AAF /* icons */ = {
			isa = PBXGroup;
			children = (
				4D199EDF19BC0B2D000D4AAF /* icon-1.png */,
				4D199EE019BC0B2D000D4AAF /* icon-1_off.png */,
				4D199EE119BC0B2D000D4AAF /* icon-2.png */,
				4D199EE219BC0B2D000D4AAF /* icon-2_off.png */,
				4D199EE319BC0B2D000D4AAF /* icon-3.png */,
				4D199EE419BC0B2D000D4AAF /* icon-3_off.png */,
				4D199EE519BC0B2D000D4AAF /* icon-4.png */,
				4D199EE619BC0B2D000D4AAF /* icon-4_off.png */,
			);
			name = icons;
			path = bin/data/icons;
			sourceTree = "<group>";
		};
		4D1DCEFC19BBFF43003F8AF0 /* OscInView */ = {
			isa = PBXGroup;
			children = (
				4D1DCEFD19BBFF60003F8AF0 /* OscInView.xib */,
				4D1DCEFE19BBFF60003F8AF0 /* OscInViewController.h */,
				4D1DCEFF19BBFF60003F8AF0 /* OscInViewController.mm */,
			);
			name = OscInView;
			sourceTree = "<group>";
		};
		4D7376B819B7EE9C000AC010 /* MainWindow */ = {
			isa = PBXGroup;
			children = (
				4D7376B619B7EE7F000AC010 /* MainWindow.xib */,
				4D7376B319B7EC05000AC010 /* MainWindowController.h */,
				4D7376B419B7EC05000AC010 /* MainWindowController.mm */,
			);
			name = MainWindow;
			sourceTree = "<group>";
		};
		4D82B82119B67D8800BA0CEF /* cocoa */ = {
			isa = PBXGroup;
			children = (
				F672E43519BE796200C07C5E /* MainMenu.xib */,
				4D82B82219B67D8800BA0CEF /* AppDelegate.h */,
				4D82B82319B67D8800BA0CEF /* AppDelegate.mm */,
				4D7376B819B7EE9C000AC010 /* MainWindow */,
				4D8FC6E219BB3DE600DC6817 /* GlView */,
				4D8FC6E119BB3D9400DC6817 /* CircleView */,
				4D8FC6DF19BB3D7400DC6817 /* OscOutView */,
				4D1DCEFC19BBFF43003F8AF0 /* OscInView */,
			);
			name = cocoa;
			path = Cocoa;
			sourceTree = "<group>";
		};
		4D84E8C419C38BA100D54F05 /* ofxModifierKeys */ = {
			isa = PBXGroup;
			children = (
				4D84E8D819C38BA100D54F05 /* src */,
			);
			name = ofxModifierKeys;
			path = ../../../addons/ofxModifierKeys;
			sourceTree = "<group>";
		};
		4D84E8D819C38BA100D54F05 /* src */ = {
			isa = PBXGroup;
			children = (
				4D84E8D919C38BA100D54F05 /* ofxModifierKeys.h */,
				4D84E8DA19C38BA100D54F05 /* ofxModifierKeys_impl_linux.cpp */,
				4D84E8DB19C38BA100D54F05 /* ofxModifierKeys_impl_mac.mm */,
				4D84E8DC19C38BA100D54F05 /* ofxModifierKeys_impl_win.cpp */,
			);
			path = src;
			sourceTree = "<group>";
		};
		4D8FC6DF19BB3D7400DC6817 /* OscOutView */ = {
			isa = PBXGroup;
			children = (
				4D380E7819B7CE650056783F /* OscOutView.xib */,
				4D7376AE19B7DFE4000AC010 /* OscOutViewController.h */,
				4D7376AF19B7DFE4000AC010 /* OscOutViewController.mm */,
			);
			name = OscOutView;
			sourceTree = "<group>";
		};
		4D8FC6E119BB3D9400DC6817 /* CircleView */ = {
			isa = PBXGroup;
			children = (
				4D7376AA19B7D440000AC010 /* CircleView.xib */,
				4D7376BD19B802EF000AC010 /* CircleViewController.h */,
				4D7376BE19B802EF000AC010 /* CircleViewController.mm */,
			);
			name = CircleView;
			sourceTree = "<group>";
		};
		4D8FC6E219BB3DE600DC6817 /* GlView */ = {
			isa = PBXGroup;
			children = (
				4DAFA43119BC931C008E9A14 /* ofxCocoaGLView.h */,
				4DAFA43219BC931C008E9A14 /* ofxCocoaGLView.mm */,
				4D82B82419B67D8800BA0CEF /* dt_GLView.h */,
				4D82B82519B67D8800BA0CEF /* dt_GLView.mm */,
			);
			name = GlView;
			path = ..;
			sourceTree = "<group>";
		};
		4D9CC34F19BF664900E75AD2 /* view */ = {
			isa = PBXGroup;
			children = (
				4D5A530D19C5019000039AF9 /* ofx2DCamera.h */,
				4D5A530C19C5019000039AF9 /* ofx2DCamera.cpp */,
				F66E1D71195E813700CEE795 /* dt_linear_drawer.h */,
				F66E1D70195E813700CEE795 /* dt_linear_drawer.cpp */,
			);
			name = view;
			sourceTree = "<group>";
		};
		5CE3B297CDC4075D3D2398C5 /* src */ = {
			isa = PBXGroup;
			children = (
				27DFA5E4C611C297AADB2002 /* src_colors.cpp */,
				38BC601AD0A2F4F2319D1460 /* svgtiny.cpp */,
				8AF5CDE1B5F658D7DE6849D5 /* svgtiny.h */,
				582921BA98D224ED41833868 /* svgtiny_gradient.cpp */,
				5F118C5DAAA61D8DB376BB3F /* svgtiny_internal.h */,
				077F7AC989DAB289A1EC643F /* svgtiny_list.cpp */,
			);
			name = src;
			sourceTree = "<group>";
		};
		641362CA659FAFEE4E81001B /* posix */ = {
			isa = PBXGroup;
			children = (
				3B361208CD4107E479F04E7B /* NetworkingUtils.cpp */,
				E6DEF695B88BA5FAACEAA937 /* UdpSocket.cpp */,
			);
			name = posix;
			sourceTree = "<group>";
		};
		6E54289412D2D94F45A05113 /* libs */ = {
			isa = PBXGroup;
			children = (
				2B40EDA85BEB63E46785BC29 /* tinyxml.cpp */,
				B21E7E5F548EEA92F368040B /* tinyxml.h */,
				832BDC407620CDBA568B713D /* tinyxmlerror.cpp */,
				FC5DA1C87211D4F6377DA719 /* tinyxmlparser.cpp */,
			);
			name = libs;
			sourceTree = "<group>";
		};
		6ECEF0D76BC33727823EADFF /* src */ = {
			isa = PBXGroup;
			children = (
				50DF87D612C5AAE17AAFA6C0 /* ofxXmlSettings.cpp */,
				01DCC0911400F9ACF5B65578 /* ofxXmlSettings.h */,
			);
			name = src;
			sourceTree = "<group>";
		};
		8496B37C1E997AB900BC8AB9 /* ofxTweener */ = {
			isa = PBXGroup;
			children = (
				8496B38F1E997AB900BC8AB9 /* README */,
				8496B3901E997AB900BC8AB9 /* src */,
			);
			name = ofxTweener;
			path = ../../../addons/ofxTweener;
			sourceTree = "<group>";
		};
		8496B3901E997AB900BC8AB9 /* src */ = {
			isa = PBXGroup;
			children = (
				8496B3911E997AB900BC8AB9 /* ofxTransitions.cpp */,
				8496B3921E997AB900BC8AB9 /* ofxTransitions.h */,
				8496B3931E997AB900BC8AB9 /* ofxTweener.cpp */,
				8496B3941E997AB900BC8AB9 /* ofxTweener.h */,
			);
			path = src;
			sourceTree = "<group>";
		};
		86D2677079A3AF4A5A88E29A /* oscpack */ = {
			isa = PBXGroup;
			children = (
				D27B2221A225CA523C019676 /* src */,
			);
			name = oscpack;
			sourceTree = "<group>";
		};
		BB4B014C10F69532006C3DED /* addons */ = {
			isa = PBXGroup;
			children = (
				8496B37C1E997AB900BC8AB9 /* ofxTweener */,
				4D84E8C419C38BA100D54F05 /* ofxModifierKeys */,
				F6EE1B39196AA4E600A77A20 /* ofxGui */,
				F6075D80194DD26E00F8F7E0 /* ofxMidi */,
				E6053AB7FEC63D5F83825B88 /* ofxOsc */,
				F5F1F1EF8441E64FD46F07C8 /* ofxSvg */,
				1F4FB5C423662B96ADFDCC0B /* ofxXmlSettings */,
			);
			name = addons;
			sourceTree = "<group>";
		};
		BBAB23C913894ECA00AA2426 /* system frameworks */ = {
			isa = PBXGroup;
			children = (
				4D7525DA19B6AC1B005CDA6F /* QuartzCore.framework */,
				F6075E16194DEA9600F8F7E0 /* CoreMIDI.framework */,
				E7F985F515E0DE99003869B5 /* Accelerate.framework */,
				E4C2424410CC5A17004149E2 /* AppKit.framework */,
				E4C2424510CC5A17004149E2 /* Cocoa.framework */,
				E4C2424610CC5A17004149E2 /* IOKit.framework */,
				E45BE9710E8CC7DD009D7055 /* AGL.framework */,
				E45BE9720E8CC7DD009D7055 /* ApplicationServices.framework */,
				E45BE9730E8CC7DD009D7055 /* AudioToolbox.framework */,
				E45BE9750E8CC7DD009D7055 /* CoreAudio.framework */,
				E45BE9760E8CC7DD009D7055 /* CoreFoundation.framework */,
				E45BE9770E8CC7DD009D7055 /* CoreServices.framework */,
				E45BE9790E8CC7DD009D7055 /* OpenGL.framework */,
				E7E077E415D3B63C0020DFD4 /* CoreVideo.framework */,
				E7E077E715D3B6510020DFD4 /* QTKit.framework */,
			);
			name = "system frameworks";
			sourceTree = "<group>";
		};
		BD2F1A9F8D0C05EDB29122D0 /* src */ = {
			isa = PBXGroup;
			children = (
				00D6D32B84B099226431108C /* ofxOsc.h */,
				7689F8A0F3D0B7635A8C3104 /* ofxOscArg.h */,
				65EEFA3DA3526E9CDD9C21F9 /* ofxOscBundle.cpp */,
				8B30E93FD3D3475EED522A0E /* ofxOscBundle.h */,
				DF49D76C45D5DB505A234880 /* ofxOscMessage.cpp */,
				C58862C6D212C8E8A83810F4 /* ofxOscMessage.h */,
				0AED834CE4DEC5260AF302A2 /* ofxOscParameterSync.cpp */,
				B31C608870ECEB2490A93736 /* ofxOscParameterSync.h */,
				C2FAC65C491D4231379F3298 /* ofxOscReceiver.cpp */,
				8C75AFC8774A62495DD53464 /* ofxOscReceiver.h */,
				81967292BFC87A0144BD32C6 /* ofxOscSender.cpp */,
				9F7986DC4EB05E75FCE2C777 /* ofxOscSender.h */,
			);
			name = src;
			sourceTree = "<group>";
		};
		BF0BF2682B4F1C8B2D7A515B /* libs */ = {
			isa = PBXGroup;
			children = (
				31941BAC71B339F7A3E32124 /* svgTiny */,
			);
			name = libs;
			sourceTree = "<group>";
		};
		D27B2221A225CA523C019676 /* src */ = {
			isa = PBXGroup;
			children = (
				FF8CDF57858E9B94E3237115 /* ip */,
				30CB364908817057B430D528 /* osc */,
			);
			name = src;
			sourceTree = "<group>";
		};
		DBB3EF673AE7E843FD50910D /* src */ = {
			isa = PBXGroup;
			children = (
				B9E16009E1772C6D00B20013 /* ofxSvg.cpp */,
				E91F55DEDD14B7F4BACED9B4 /* ofxSvg.h */,
			);
			name = src;
			sourceTree = "<group>";
		};
		E4328144138ABC890047C5CB /* Products */ = {
			isa = PBXGroup;
			children = (
				E4328148138ABC890047C5CB /* openFrameworksDebug.a */,
			);
			name = Products;
			sourceTree = "<group>";
		};
		E45BE5980E8CC70C009D7055 /* frameworks */ = {
			isa = PBXGroup;
			children = (
				BBAB23C913894ECA00AA2426 /* system frameworks */,
			);
			name = frameworks;
			sourceTree = "<group>";
		};
		E4B69B4A0A3A1720003C02F2 = {
			isa = PBXGroup;
			children = (
				E4B6FCAD0C3E899E008CF71C /* openFrameworks-Info.plist */,
				E4EB6923138AFD0F00A09F29 /* Project.xcconfig */,
				4D199EB319BC0830000D4AAF /* icons */,
				E4B69E1C0A3A1BDC003C02F2 /* src */,
				E4EEC9E9138DF44700A80321 /* openFrameworks */,
				BB4B014C10F69532006C3DED /* addons */,
				E45BE5980E8CC70C009D7055 /* frameworks */,
				E4B69B5B0A3A1756003C02F2 /* dial_composerDebug.app */,
			);
			sourceTree = "<group>";
		};
		E4B69E1C0A3A1BDC003C02F2 /* src */ = {
			isa = PBXGroup;
			children = (
				F672E43719BE79EA00C07C5E /* main */,
				4D82B82119B67D8800BA0CEF /* cocoa */,
				F6B7670119479C8400B0741D /* circle */,
				F6B7670219479CA500B0741D /* seq */,
				F6B7670019479C8000B0741D /* ui */,
				4D9CC34F19BF664900E75AD2 /* view */,
				F64097801953E90D0021407A /* utility */,
			);
			path = src;
			sourceTree = SOURCE_ROOT;
		};
		E4EEC9E9138DF44700A80321 /* openFrameworks */ = {
			isa = PBXGroup;
			children = (
				E4EB691F138AFCF100A09F29 /* CoreOF.xcconfig */,
				E4328143138ABC890047C5CB /* openFrameworksLib.xcodeproj */,
			);
			name = openFrameworks;
			sourceTree = "<group>";
		};
		E6053AB7FEC63D5F83825B88 /* ofxOsc */ = {
			isa = PBXGroup;
			children = (
				BD2F1A9F8D0C05EDB29122D0 /* src */,
				38871A5825686AE018EC2BF0 /* libs */,
			);
			name = ofxOsc;
			sourceTree = "<group>";
		};
		F5F1F1EF8441E64FD46F07C8 /* ofxSvg */ = {
			isa = PBXGroup;
			children = (
				DBB3EF673AE7E843FD50910D /* src */,
				BF0BF2682B4F1C8B2D7A515B /* libs */,
			);
			name = ofxSvg;
			sourceTree = "<group>";
		};
		F6075D80194DD26E00F8F7E0 /* ofxMidi */ = {
			isa = PBXGroup;
			children = (
				F6075DBF194DD26E00F8F7E0 /* libs */,
				F6075DCF194DD26F00F8F7E0 /* LICENSE.txt */,
				F6075DD0194DD26F00F8F7E0 /* ofxaddons_thumbnail.png */,
				F6075DD1194DD26F00F8F7E0 /* README.md */,
				F6075DD8194DD26F00F8F7E0 /* src */,
			);
			name = ofxMidi;
			path = ../../../addons/ofxMidi;
			sourceTree = "<group>";
		};
		F6075DBF194DD26E00F8F7E0 /* libs */ = {
			isa = PBXGroup;
			children = (
				F6075DC0194DD26F00F8F7E0 /* pgmidi */,
				F6075DCA194DD26F00F8F7E0 /* rtmidi */,
			);
			path = libs;
			sourceTree = "<group>";
		};
		F6075DC0194DD26F00F8F7E0 /* pgmidi */ = {
			isa = PBXGroup;
			children = (
				F6075DC1194DD26F00F8F7E0 /* iOSVersionDetection.h */,
				F6075DC2194DD26F00F8F7E0 /* PGArc.h */,
				F6075DC3194DD26F00F8F7E0 /* PGMidi.h */,
				F6075DC4194DD26F00F8F7E0 /* PGMidi.mm */,
				F6075DC5194DD26F00F8F7E0 /* PGMidiAllSources.h */,
				F6075DC6194DD26F00F8F7E0 /* PGMidiAllSources.mm */,
				F6075DC7194DD26F00F8F7E0 /* PGMidiFind.h */,
				F6075DC8194DD26F00F8F7E0 /* PGMidiFind.mm */,
				F6075DC9194DD26F00F8F7E0 /* README.md */,
			);
			path = pgmidi;
			sourceTree = "<group>";
		};
		F6075DCA194DD26F00F8F7E0 /* rtmidi */ = {
			isa = PBXGroup;
			children = (
				F6075DCB194DD26F00F8F7E0 /* readme */,
				F6075DCC194DD26F00F8F7E0 /* RtError.h */,
				F6075DCD194DD26F00F8F7E0 /* RtMidi.cpp */,
				F6075DCE194DD26F00F8F7E0 /* RtMidi.h */,
			);
			path = rtmidi;
			sourceTree = "<group>";
		};
		F6075DD8194DD26F00F8F7E0 /* src */ = {
			isa = PBXGroup;
			children = (
				F6075DD9194DD26F00F8F7E0 /* desktop */,
				F6075DE9194DD26F00F8F7E0 /* ofxBaseMidi.cpp */,
				F6075DEA194DD26F00F8F7E0 /* ofxBaseMidi.h */,
				F6075DEB194DD26F00F8F7E0 /* ofxMidi.cpp */,
				F6075DEC194DD26F00F8F7E0 /* ofxMidi.h */,
				F6075DED194DD26F00F8F7E0 /* ofxMidiConstants.h */,
				F6075DEE194DD26F00F8F7E0 /* ofxMidiIn.cpp */,
				F6075DEF194DD26F00F8F7E0 /* ofxMidiIn.h */,
				F6075DF0194DD26F00F8F7E0 /* ofxMidiMessage.cpp */,
				F6075DF1194DD26F00F8F7E0 /* ofxMidiMessage.h */,
				F6075DF2194DD26F00F8F7E0 /* ofxMidiOut.cpp */,
				F6075DF3194DD26F00F8F7E0 /* ofxMidiOut.h */,
				F6075DF4194DD26F00F8F7E0 /* ofxMidiTypes.h */,
			);
			path = src;
			sourceTree = "<group>";
		};
		F6075DD9194DD26F00F8F7E0 /* desktop */ = {
			isa = PBXGroup;
			children = (
				F6075DDA194DD26F00F8F7E0 /* ofxRtMidiIn.cpp */,
				F6075DDB194DD26F00F8F7E0 /* ofxRtMidiIn.h */,
				F6075DDC194DD26F00F8F7E0 /* ofxRtMidiOut.cpp */,
				F6075DDD194DD26F00F8F7E0 /* ofxRtMidiOut.h */,
			);
			path = desktop;
			sourceTree = "<group>";
		};
		F64097801953E90D0021407A /* utility */ = {
			isa = PBXGroup;
			children = (
				F6B766C91947984B00B0741D /* dt_font_manager.h */,
				F6B766CB1947984B00B0741D /* dt_osc_sender.h */,
				F6B766CC1947984B00B0741D /* dt_osc_sender.mm */,
				F6075E07194DD88300F8F7E0 /* dt_midi_sender.h */,
				F6B766CD1947984B00B0741D /* dt_rhythm_lib.h */,
				F6B766CE1947984B00B0741D /* dt_rhythm_lib.cpp */,
				F64097821953EA440021407A /* dt_circle_drawer.h */,
			);
			name = utility;
			sourceTree = "<group>";
		};
		F672E43719BE79EA00C07C5E /* main */ = {
			isa = PBXGroup;
			children = (
				F65D786419631B3B00C42128 /* def.h */,
				F6B0939919713A2A00619955 /* dt_config.h */,
				F6B0939A1971414700619955 /* dt_config.cpp */,
				F6B766D81947984B00B0741D /* main.mm */,
				F6B766EA1947987100B0741D /* ofApp.h */,
				F6B766D91947984B00B0741D /* ofApp.mm */,
				F6AD808D19C220AD00D210F5 /* dt_mode_manager.h */,
				F6AD809119C2257F00D210F5 /* dt_mode_manager.cpp */,
			);
			name = main;
			sourceTree = "<group>";
		};
		F6B7670019479C8000B0741D /* ui */ = {
			isa = PBXGroup;
			children = (
				4DC0481F19C345C900346B96 /* dt_mouse_gesture.h */,
				4DC0481E19C345C900346B96 /* dt_mouse_gesture.cpp */,
				F6B766D61947984B00B0741D /* dt_ui_home.h */,
				F6B766D71947984B00B0741D /* dt_ui_home.cpp */,
				4DC0481C19C343D500346B96 /* dt_ui_zoom.h */,
				4DC0481B19C343D500346B96 /* dt_ui_zoom.cpp */,
				F6B766C71947984B00B0741D /* dt_dial_ui.h */,
				F6B766C81947984B00B0741D /* dt_dial_ui.cpp */,
			);
			name = ui;
			sourceTree = "<group>";
		};
		F6B7670119479C8400B0741D /* circle */ = {
			isa = PBXGroup;
			children = (
				F6B766BA1947984B00B0741D /* dt_circle_container.h */,
				F6B766B71947984B00B0741D /* dt_circle_all_containers.h */,
				F6B766B61947984B00B0741D /* dt_circle_all_containers.cpp */,
				F6B766B81947984B00B0741D /* dt_circle_base.h */,
				F6B766B91947984B00B0741D /* dt_circle_base.cpp */,
				F6B766BC1947984B00B0741D /* dt_circle_note_on.h */,
				F6B766BD1947984B00B0741D /* dt_circle_note_on.cpp */,
				F6B766BE1947984B00B0741D /* dt_circle_param.h */,
				F6B766BF1947984B00B0741D /* dt_circle_param.cpp */,
			);
			name = circle;
			sourceTree = "<group>";
		};
		F6B7670219479CA500B0741D /* seq */ = {
			isa = PBXGroup;
			children = (
				4D82B81B19B66AF500BA0CEF /* dt_osc_recorder.h */,
				4D82B81A19B66AF500BA0CEF /* dt_osc_recorder.cpp */,
				F6B766D41947984B00B0741D /* dt_sequencer.h */,
				F6B766D51947984B00B0741D /* dt_sequencer.cpp */,
				F6B766D31947984B00B0741D /* dt_sequence_thread.h */,
				8496B2EC1E99749200BC8AB9 /* dt_sequence_thread_base.h */,
				F6B766CF1947984B00B0741D /* dt_sequence_thread_boost.h */,
				F6B766D01947984B00B0741D /* dt_sequence_thread_boost.cpp */,
				F6B766D11947984B00B0741D /* dt_sequence_thread_oF.h */,
				F6B766D21947984B00B0741D /* dt_sequence_thread_oF.cpp */,
				F63412E7194A6BE400B2E3CC /* dt_sequence_thread_audio.h */,
				F63412E6194A6BE400B2E3CC /* dt_sequence_thread_audio.cpp */,
				6A13F63E1B7BEFE400E63E53 /* dt_clock_sender_audio_pulse.cpp */,
				6A13F63F1B7BEFE400E63E53 /* dt_clock_sender_audio_pulse.h */,
			);
			name = seq;
			sourceTree = "<group>";
		};
		F6EE1B39196AA4E600A77A20 /* ofxGui */ = {
			isa = PBXGroup;
			children = (
				F6EE1B3A196AA4E600A77A20 /* src */,
			);
			name = ofxGui;
			path = ../../../addons/ofxGui;
			sourceTree = "<group>";
		};
		F6EE1B3A196AA4E600A77A20 /* src */ = {
			isa = PBXGroup;
			children = (
				F6EE1B3B196AA4E600A77A20 /* ofxBaseGui.cpp */,
				F6EE1B3C196AA4E600A77A20 /* ofxBaseGui.h */,
				F6EE1B3D196AA4E600A77A20 /* ofxButton.cpp */,
				F6EE1B3E196AA4E600A77A20 /* ofxButton.h */,
				F6EE1B3F196AA4E600A77A20 /* ofxGui.h */,
				F6EE1B40196AA4E600A77A20 /* ofxGuiGroup.cpp */,
				F6EE1B41196AA4E600A77A20 /* ofxGuiGroup.h */,
				F6EE1B42196AA4E600A77A20 /* ofxLabel.cpp */,
				F6EE1B43196AA4E600A77A20 /* ofxLabel.h */,
				F6EE1B44196AA4E600A77A20 /* ofxPanel.cpp */,
				F6EE1B45196AA4E600A77A20 /* ofxPanel.h */,
				F6EE1B46196AA4E600A77A20 /* ofxSlider.cpp */,
				F6EE1B47196AA4E600A77A20 /* ofxSlider.h */,
				F6EE1B48196AA4E600A77A20 /* ofxSliderGroup.cpp */,
				F6EE1B49196AA4E600A77A20 /* ofxSliderGroup.h */,
				F6EE1B4A196AA4E600A77A20 /* ofxToggle.cpp */,
				F6EE1B4B196AA4E600A77A20 /* ofxToggle.h */,
			);
			path = src;
			sourceTree = "<group>";
		};
		FF8CDF57858E9B94E3237115 /* ip */ = {
			isa = PBXGroup;
			children = (
				ADD194746185E2DA11468377 /* IpEndpointName.cpp */,
				48974F980F51769171D0B2F5 /* IpEndpointName.h */,
				F7FBC56859535E597B24BB91 /* NetworkingUtils.h */,
				23640F57DF6C4BB6BFC5DA4C /* PacketListener.h */,
				641362CA659FAFEE4E81001B /* posix */,
				444657A12E59D0ED86981498 /* TimerListener.h */,
				2FD4B0329909D3527F003494 /* UdpSocket.h */,
			);
			name = ip;
			sourceTree = "<group>";
		};
/* End PBXGroup section */

/* Begin PBXNativeTarget section */
		E4B69B5A0A3A1756003C02F2 /* dial_composer */ = {
			isa = PBXNativeTarget;
			buildConfigurationList = E4B69B5F0A3A1757003C02F2 /* Build configuration list for PBXNativeTarget "dial_composer" */;
			buildPhases = (
				E4B69B580A3A1756003C02F2 /* Sources */,
				E4B69B590A3A1756003C02F2 /* Frameworks */,
				E4B6FFFD0C3F9AB9008CF71C /* ShellScript */,
				E4C2427710CC5ABF004149E2 /* CopyFiles */,
				4D82B81E19B67D5000BA0CEF /* Resources */,
			);
			buildRules = (
			);
			dependencies = (
				E4EEB9AC138B136A00A80321 /* PBXTargetDependency */,
			);
			name = dial_composer;
			productName = myOFApp;
			productReference = E4B69B5B0A3A1756003C02F2 /* dial_composerDebug.app */;
			productType = "com.apple.product-type.application";
		};
/* End PBXNativeTarget section */

/* Begin PBXProject section */
		E4B69B4C0A3A1720003C02F2 /* Project object */ = {
			isa = PBXProject;
			attributes = {
				LastUpgradeCheck = 0460;
			};
			buildConfigurationList = E4B69B4D0A3A1720003C02F2 /* Build configuration list for PBXProject "dial_composer" */;
			compatibilityVersion = "Xcode 3.2";
			developmentRegion = English;
			hasScannedForEncodings = 0;
			knownRegions = (
				English,
				Japanese,
				French,
				German,
			);
			mainGroup = E4B69B4A0A3A1720003C02F2;
			productRefGroup = E4B69B4A0A3A1720003C02F2;
			projectDirPath = "";
			projectReferences = (
				{
					ProductGroup = E4328144138ABC890047C5CB /* Products */;
					ProjectRef = E4328143138ABC890047C5CB /* openFrameworksLib.xcodeproj */;
				},
			);
			projectRoot = "";
			targets = (
				E4B69B5A0A3A1756003C02F2 /* dial_composer */,
			);
		};
/* End PBXProject section */

/* Begin PBXReferenceProxy section */
		E4328148138ABC890047C5CB /* openFrameworksDebug.a */ = {
			isa = PBXReferenceProxy;
			fileType = archive.ar;
			path = openFrameworksDebug.a;
			remoteRef = E4328147138ABC890047C5CB /* PBXContainerItemProxy */;
			sourceTree = BUILT_PRODUCTS_DIR;
		};
/* End PBXReferenceProxy section */

/* Begin PBXResourcesBuildPhase section */
		4D82B81E19B67D5000BA0CEF /* Resources */ = {
			isa = PBXResourcesBuildPhase;
			buildActionMask = 2147483647;
			files = (
				8496B39E1E997AB900BC8AB9 /* README in Resources */,
				4D199EE819BC0B2D000D4AAF /* icon-1_off.png in Resources */,
				4D199EE919BC0B2D000D4AAF /* icon-2.png in Resources */,
				4D199EEB19BC0B2D000D4AAF /* icon-3.png in Resources */,
				4D199EEA19BC0B2D000D4AAF /* icon-2_off.png in Resources */,
				4D199EEC19BC0B2D000D4AAF /* icon-3_off.png in Resources */,
				4D199EED19BC0B2D000D4AAF /* icon-4.png in Resources */,
				4D1DCF0019BBFF60003F8AF0 /* OscInView.xib in Resources */,
				4D7376B719B7EE7F000AC010 /* MainWindow.xib in Resources */,
				4D199EEE19BC0B2D000D4AAF /* icon-4_off.png in Resources */,
				F672E43619BE796200C07C5E /* MainMenu.xib in Resources */,
				4D199EE719BC0B2D000D4AAF /* icon-1.png in Resources */,
				4D7376AB19B7D440000AC010 /* CircleView.xib in Resources */,
				4D380E7919B7CE650056783F /* OscOutView.xib in Resources */,
			);
			runOnlyForDeploymentPostprocessing = 0;
		};
/* End PBXResourcesBuildPhase section */

/* Begin PBXShellScriptBuildPhase section */
		E4B6FFFD0C3F9AB9008CF71C /* ShellScript */ = {
			isa = PBXShellScriptBuildPhase;
			buildActionMask = 2147483647;
			files = (
			);
			inputPaths = (
			);
			outputPaths = (
			);
			runOnlyForDeploymentPostprocessing = 0;
			shellPath = /bin/sh;
			shellScript = "cp -f ../../../libs/fmodex/lib/osx/libfmodex.dylib \"$TARGET_BUILD_DIR/$PRODUCT_NAME.app/Contents/MacOS/libfmodex.dylib\"; install_name_tool -change ./libfmodex.dylib @executable_path/libfmodex.dylib \"$TARGET_BUILD_DIR/$PRODUCT_NAME.app/Contents/MacOS/$PRODUCT_NAME\";\nmkdir -p \"$TARGET_BUILD_DIR/$PRODUCT_NAME.app/Contents/Resources/\"\ncp -f \"$ICON_FILE\" \"$TARGET_BUILD_DIR/$PRODUCT_NAME.app/Contents/Resources/\"\n";
		};
/* End PBXShellScriptBuildPhase section */

/* Begin PBXSourcesBuildPhase section */
		E4B69B580A3A1756003C02F2 /* Sources */ = {
			isa = PBXSourcesBuildPhase;
			buildActionMask = 2147483647;
			files = (
				F6EE1B4D196AA7A600A77A20 /* ofxBaseGui.cpp in Sources */,
				4D84E8E919C38BA100D54F05 /* ofxModifierKeys_impl_win.cpp in Sources */,
				F6EE1B4E196AA7A600A77A20 /* ofxButton.cpp in Sources */,
				F6EE1B4F196AA7A600A77A20 /* ofxGuiGroup.cpp in Sources */,
				F6EE1B50196AA7A600A77A20 /* ofxLabel.cpp in Sources */,
				F6EE1B51196AA7A600A77A20 /* ofxPanel.cpp in Sources */,
				F6EE1B52196AA7A600A77A20 /* ofxSlider.cpp in Sources */,
				F6EE1B53196AA7A600A77A20 /* ofxSliderGroup.cpp in Sources */,
				4DAFA43319BC931C008E9A14 /* ofxCocoaGLView.mm in Sources */,
				4D5A530E19C5019000039AF9 /* ofx2DCamera.cpp in Sources */,
				4D84E8E719C38BA100D54F05 /* ofxModifierKeys_impl_linux.cpp in Sources */,
				F6EE1B54196AA7A600A77A20 /* ofxToggle.cpp in Sources */,
				8496B3A01E997AB900BC8AB9 /* ofxTweener.cpp in Sources */,
				F6075E0D194DE94E00F8F7E0 /* RtMidi.cpp in Sources */,
				F6075E0E194DE94E00F8F7E0 /* ofxRtMidiIn.cpp in Sources */,
				F6075E0F194DE94E00F8F7E0 /* ofxRtMidiOut.cpp in Sources */,
				F6075E10194DE94E00F8F7E0 /* ofxBaseMidi.cpp in Sources */,
				4D84E8E819C38BA100D54F05 /* ofxModifierKeys_impl_mac.mm in Sources */,
				F6075E11194DE94E00F8F7E0 /* ofxMidi.cpp in Sources */,
				F6075E12194DE94E00F8F7E0 /* ofxMidiIn.cpp in Sources */,
				F6075E13194DE94E00F8F7E0 /* ofxMidiMessage.cpp in Sources */,
				F6AD809219C2257F00D210F5 /* dt_mode_manager.cpp in Sources */,
				4D7376B519B7EC05000AC010 /* MainWindowController.mm in Sources */,
				F6075E14194DE94E00F8F7E0 /* ofxMidiOut.cpp in Sources */,
				4DC0482019C345C900346B96 /* dt_mouse_gesture.cpp in Sources */,
				F6B0939B1971414700619955 /* dt_config.cpp in Sources */,
				F6B766E01947984B00B0741D /* dt_dial_ui.cpp in Sources */,
				72A929D3561B8232A182ABFC /* ofxOscBundle.cpp in Sources */,
				5864AD82E20F15536D054EA3 /* ofxOscMessage.cpp in Sources */,
				4D1DCF0119BBFF60003F8AF0 /* OscInViewController.mm in Sources */,
				4ADB88E2FB52E76A471065DE /* ofxOscParameterSync.cpp in Sources */,
				640279EE111671BD026CB013 /* ofxOscReceiver.cpp in Sources */,
				4D82B81C19B66AF500BA0CEF /* dt_osc_recorder.cpp in Sources */,
				8F5205AEF8861EF234F0651A /* ofxOscSender.cpp in Sources */,
				ADE367465D2A8EBAD4C7A8D9 /* IpEndpointName.cpp in Sources */,
				67FE4C7B15C2F0478C8126C2 /* NetworkingUtils.cpp in Sources */,
				F6B766E31947984B00B0741D /* dt_rhythm_lib.cpp in Sources */,
				510CAFE035E576A4E1502D52 /* UdpSocket.cpp in Sources */,
				62545D179C94265CA1389D4A /* OscOutboundPacketStream.cpp in Sources */,
				4D7376B019B7DFE4000AC010 /* OscOutViewController.mm in Sources */,
				F6AD808F19C220AD00D210F5 /* dt_mode_manager.h in Sources */,
				C4782ECC372420ACE0615B74 /* OscPrintReceivedElements.cpp in Sources */,
				0546D1A38E13BD319CC9755B /* OscReceivedElements.cpp in Sources */,
				879A251454401BC0B6E4F238 /* OscTypes.cpp in Sources */,
				4D7376C019B802EF000AC010 /* CircleViewController.mm in Sources */,
				B88A57B4B0BA6191EF3571E9 /* ofxSvg.cpp in Sources */,
				6A565A9714A6A12EB9098F52 /* src_colors.cpp in Sources */,
				1D6B78EF041B097CE4F423C4 /* svgtiny.cpp in Sources */,
				4294163B15857489B2176769 /* svgtiny_gradient.cpp in Sources */,
				F6B766E91947984B00B0741D /* ofApp.mm in Sources */,
				1B5F996886A777589D5DD794 /* svgtiny_list.cpp in Sources */,
				63B57AC5BF4EF088491E0317 /* ofxXmlSettings.cpp in Sources */,
				4D82B82619B67D8800BA0CEF /* AppDelegate.mm in Sources */,
				933A2227713C720CEFF80FD9 /* tinyxml.cpp in Sources */,
				9D44DC88EF9E7991B4A09951 /* tinyxmlerror.cpp in Sources */,
				5A4349E9754D6FA14C0F2A3A /* tinyxmlparser.cpp in Sources */,
				F6B766E71947984B00B0741D /* dt_ui_home.cpp in Sources */,
				F66E1D72195E813700CEE795 /* dt_linear_drawer.cpp in Sources */,
				F6B766E51947984B00B0741D /* dt_sequence_thread_oF.cpp in Sources */,
				F6B766DB1947984B00B0741D /* dt_circle_base.cpp in Sources */,
				8496B39F1E997AB900BC8AB9 /* ofxTransitions.cpp in Sources */,
				4DC0481D19C343D500346B96 /* dt_ui_zoom.cpp in Sources */,
				F6B766E21947984B00B0741D /* dt_osc_sender.mm in Sources */,
				F6B766DE1947984B00B0741D /* dt_circle_param.cpp in Sources */,
				F63412E8194A6BE400B2E3CC /* dt_sequence_thread_audio.cpp in Sources */,
				4D82B82719B67D8800BA0CEF /* dt_GLView.mm in Sources */,
				F6B766E81947984B00B0741D /* main.mm in Sources */,
				F6B766DD1947984B00B0741D /* dt_circle_note_on.cpp in Sources */,
				F6B766E61947984B00B0741D /* dt_sequencer.cpp in Sources */,
				F6B766DA1947984B00B0741D /* dt_circle_all_containers.cpp in Sources */,
			);
			runOnlyForDeploymentPostprocessing = 0;
		};
/* End PBXSourcesBuildPhase section */

/* Begin PBXTargetDependency section */
		E4EEB9AC138B136A00A80321 /* PBXTargetDependency */ = {
			isa = PBXTargetDependency;
			name = openFrameworks;
			targetProxy = E4EEB9AB138B136A00A80321 /* PBXContainerItemProxy */;
		};
/* End PBXTargetDependency section */

/* Begin XCBuildConfiguration section */
		E4B69B4E0A3A1720003C02F2 /* Debug */ = {
			isa = XCBuildConfiguration;
			baseConfigurationReference = E4EB6923138AFD0F00A09F29 /* Project.xcconfig */;
			buildSettings = {
				ARCHS = "$(ARCHS_STANDARD)";
				CONFIGURATION_BUILD_DIR = "$(SRCROOT)/bin/";
				COPY_PHASE_STRIP = NO;
				DEAD_CODE_STRIPPING = YES;
				GCC_AUTO_VECTORIZATION = YES;
				GCC_C_LANGUAGE_STANDARD = "compiler-default";
				GCC_ENABLE_SSE3_EXTENSIONS = YES;
				GCC_ENABLE_SUPPLEMENTAL_SSE3_INSTRUCTIONS = YES;
				GCC_INLINES_ARE_PRIVATE_EXTERN = NO;
				GCC_OPTIMIZATION_LEVEL = 0;
				GCC_SYMBOLS_PRIVATE_EXTERN = NO;
				GCC_WARN_ABOUT_DEPRECATED_FUNCTIONS = YES;
				GCC_WARN_ABOUT_INVALID_OFFSETOF_MACRO = NO;
				GCC_WARN_ALLOW_INCOMPLETE_PROTOCOL = NO;
				GCC_WARN_UNINITIALIZED_AUTOS = NO;
				GCC_WARN_UNUSED_VALUE = NO;
				GCC_WARN_UNUSED_VARIABLE = NO;
				HEADER_SEARCH_PATHS = (
					"$(OF_CORE_HEADERS)",
					../../../addons/ofxOsc/libs,
					../../../addons/ofxOsc/libs/oscpack,
					../../../addons/ofxOsc/libs/oscpack/src,
					../../../addons/ofxOsc/libs/oscpack/src/ip,
					../../../addons/ofxOsc/libs/oscpack/src/ip/posix,
					../../../addons/ofxOsc/libs/oscpack/src/ip/win32,
					../../../addons/ofxOsc/libs/oscpack/src/osc,
					../../../addons/ofxOsc/src,
					../../../addons/ofxSvg/libs,
					../../../addons/ofxSvg/libs/svgTiny,
					../../../addons/ofxSvg/libs/svgTiny/src,
					../../../addons/ofxSvg/src,
					../../../addons/ofxXmlSettings/libs,
					../../../addons/ofxXmlSettings/src,
					"../../../addons/ofxMidi/**",
					../../../addons/juce,
				);
				LIBRARY_SEARCH_PATHS = "";
				MACOSX_DEPLOYMENT_TARGET = 10.8;
				OTHER_CPLUSPLUSFLAGS = (
					"-D__MACOSX_CORE__",
					"-lpthread",
					"-mtune=native",
				);
				SDKROOT = macosx;
			};
			name = Debug;
		};
		E4B69B4F0A3A1720003C02F2 /* Release */ = {
			isa = XCBuildConfiguration;
			baseConfigurationReference = E4EB6923138AFD0F00A09F29 /* Project.xcconfig */;
			buildSettings = {
				ARCHS = "$(ARCHS_STANDARD)";
				CONFIGURATION_BUILD_DIR = "$(SRCROOT)/bin/";
				COPY_PHASE_STRIP = YES;
				DEAD_CODE_STRIPPING = YES;
				GCC_AUTO_VECTORIZATION = YES;
				GCC_C_LANGUAGE_STANDARD = "compiler-default";
				GCC_ENABLE_SSE3_EXTENSIONS = YES;
				GCC_ENABLE_SUPPLEMENTAL_SSE3_INSTRUCTIONS = YES;
				GCC_INLINES_ARE_PRIVATE_EXTERN = NO;
				GCC_OPTIMIZATION_LEVEL = 3;
				GCC_SYMBOLS_PRIVATE_EXTERN = NO;
				GCC_UNROLL_LOOPS = YES;
				GCC_WARN_ABOUT_DEPRECATED_FUNCTIONS = YES;
				GCC_WARN_ABOUT_INVALID_OFFSETOF_MACRO = NO;
				GCC_WARN_ALLOW_INCOMPLETE_PROTOCOL = NO;
				GCC_WARN_UNINITIALIZED_AUTOS = NO;
				GCC_WARN_UNUSED_VALUE = NO;
				GCC_WARN_UNUSED_VARIABLE = NO;
				HEADER_SEARCH_PATHS = (
					"$(OF_CORE_HEADERS)",
					../../../addons/ofxOsc/libs,
					../../../addons/ofxOsc/libs/oscpack,
					../../../addons/ofxOsc/libs/oscpack/src,
					../../../addons/ofxOsc/libs/oscpack/src/ip,
					../../../addons/ofxOsc/libs/oscpack/src/ip/posix,
					../../../addons/ofxOsc/libs/oscpack/src/ip/win32,
					../../../addons/ofxOsc/libs/oscpack/src/osc,
					../../../addons/ofxOsc/src,
					../../../addons/ofxSvg/libs,
					../../../addons/ofxSvg/libs/svgTiny,
					../../../addons/ofxSvg/libs/svgTiny/src,
					../../../addons/ofxSvg/src,
					../../../addons/ofxXmlSettings/libs,
					../../../addons/ofxXmlSettings/src,
					"../../../addons/ofxMidi/**",
					../../../addons/juce,
				);
				LIBRARY_SEARCH_PATHS = "";
				MACOSX_DEPLOYMENT_TARGET = 10.8;
				OTHER_CPLUSPLUSFLAGS = (
					"-D__MACOSX_CORE__",
					"-lpthread",
					"-mtune=native",
				);
				SDKROOT = macosx;
			};
			name = Release;
		};
		E4B69B600A3A1757003C02F2 /* Debug */ = {
			isa = XCBuildConfiguration;
			buildSettings = {
				ARCHS = "$(ARCHS_STANDARD_32_64_BIT)";
				CLANG_CXX_LIBRARY = "compiler-default";
				"CLANG_CXX_LIBRARY[arch=i386]" = "libc++";
				"CLANG_CXX_LIBRARY[arch=x86_64]" = "libc++";
				COMBINE_HIDPI_IMAGES = YES;
				COPY_PHASE_STRIP = NO;
				FRAMEWORK_SEARCH_PATHS = (
					"$(inherited)",
					"$(FRAMEWORK_SEARCH_PATHS_QUOTED_FOR_TARGET_1)",
				);
				FRAMEWORK_SEARCH_PATHS_QUOTED_FOR_TARGET_1 = "\"$(SRCROOT)/../../../libs/glut/lib/osx\"";
				GCC_C_LANGUAGE_STANDARD = "compiler-default";
				GCC_DYNAMIC_NO_PIC = NO;
				GCC_GENERATE_DEBUGGING_SYMBOLS = YES;
				GCC_MODEL_TUNING = NONE;
				"GCC_PREPROCESSOR_DEFINITIONS[arch=*]" = DEBUG;
				HEADER_SEARCH_PATHS = (
					"$(OF_CORE_HEADERS)",
					../../../addons/ofxOsc/libs,
					../../../addons/ofxOsc/libs/oscpack,
					../../../addons/ofxOsc/libs/oscpack/src,
					../../../addons/ofxOsc/libs/oscpack/src/ip,
					../../../addons/ofxOsc/libs/oscpack/src/ip/posix,
					../../../addons/ofxOsc/libs/oscpack/src/ip/win32,
					../../../addons/ofxOsc/libs/oscpack/src/osc,
					../../../addons/ofxOsc/src,
					../../../addons/ofxSvg/libs,
					../../../addons/ofxSvg/libs/svgTiny,
					../../../addons/ofxSvg/libs/svgTiny/src,
					../../../addons/ofxSvg/src,
					../../../addons/ofxXmlSettings/libs,
					../../../addons/ofxXmlSettings/src,
					"../../../addons/ofxMidi/**",
					../../../addons/ofxOSXBoost/libs/boost/include,
					../../../addons/juce,
				);
				ICON = "$(ICON_NAME_DEBUG)";
				ICON_FILE = "$(ICON_FILE_PATH)$(ICON)";
				INFOPLIST_FILE = "openFrameworks-Info.plist";
				INSTALL_PATH = "$(HOME)/Applications";
				LIBRARY_SEARCH_PATHS = "";
				MACOSX_DEPLOYMENT_TARGET = 10.8;
				PRODUCT_NAME = dial_composerDebug;
				SDKROOT = macosx;
				WRAPPER_EXTENSION = app;
			};
			name = Debug;
		};
		E4B69B610A3A1757003C02F2 /* Release */ = {
			isa = XCBuildConfiguration;
			buildSettings = {
				ARCHS = "$(ARCHS_STANDARD_32_64_BIT)";
				CLANG_CXX_LIBRARY = "compiler-default";
				"CLANG_CXX_LIBRARY[arch=i386]" = "libc++";
				"CLANG_CXX_LIBRARY[arch=x86_64]" = "libc++";
				COMBINE_HIDPI_IMAGES = YES;
				COPY_PHASE_STRIP = YES;
				FRAMEWORK_SEARCH_PATHS = (
					"$(inherited)",
					"$(FRAMEWORK_SEARCH_PATHS_QUOTED_FOR_TARGET_1)",
				);
				FRAMEWORK_SEARCH_PATHS_QUOTED_FOR_TARGET_1 = "\"$(SRCROOT)/../../../libs/glut/lib/osx\"";
				GCC_C_LANGUAGE_STANDARD = "compiler-default";
				GCC_GENERATE_DEBUGGING_SYMBOLS = YES;
				GCC_MODEL_TUNING = NONE;
				HEADER_SEARCH_PATHS = (
					"$(OF_CORE_HEADERS)",
					../../../addons/ofxOsc/libs,
					../../../addons/ofxOsc/libs/oscpack,
					../../../addons/ofxOsc/libs/oscpack/src,
					../../../addons/ofxOsc/libs/oscpack/src/ip,
					../../../addons/ofxOsc/libs/oscpack/src/ip/posix,
					../../../addons/ofxOsc/libs/oscpack/src/ip/win32,
					../../../addons/ofxOsc/libs/oscpack/src/osc,
					../../../addons/ofxOsc/src,
					../../../addons/ofxSvg/libs,
					../../../addons/ofxSvg/libs/svgTiny,
					../../../addons/ofxSvg/libs/svgTiny/src,
					../../../addons/ofxSvg/src,
					../../../addons/ofxXmlSettings/libs,
					../../../addons/ofxXmlSettings/src,
					"../../../addons/ofxMidi/**",
					../../../addons/ofxOSXBoost/libs/boost/include,
					../../../addons/juce,
				);
				ICON = "$(ICON_NAME_RELEASE)";
				ICON_FILE = "$(ICON_FILE_PATH)$(ICON)";
				INFOPLIST_FILE = "openFrameworks-Info.plist";
				INSTALL_PATH = "$(HOME)/Applications";
				LIBRARY_SEARCH_PATHS = "";
				MACOSX_DEPLOYMENT_TARGET = 10.8;
				PRODUCT_NAME = dial_composer;
				SDKROOT = macosx;
				WRAPPER_EXTENSION = app;
			};
			name = Release;
		};
/* End XCBuildConfiguration section */

/* Begin XCConfigurationList section */
		E4B69B4D0A3A1720003C02F2 /* Build configuration list for PBXProject "dial_composer" */ = {
			isa = XCConfigurationList;
			buildConfigurations = (
				E4B69B4E0A3A1720003C02F2 /* Debug */,
				E4B69B4F0A3A1720003C02F2 /* Release */,
			);
			defaultConfigurationIsVisible = 0;
			defaultConfigurationName = Release;
		};
		E4B69B5F0A3A1757003C02F2 /* Build configuration list for PBXNativeTarget "dial_composer" */ = {
			isa = XCConfigurationList;
			buildConfigurations = (
				E4B69B600A3A1757003C02F2 /* Debug */,
				E4B69B610A3A1757003C02F2 /* Release */,
			);
			defaultConfigurationIsVisible = 0;
			defaultConfigurationName = Release;
		};
/* End XCConfigurationList section */
	};
	rootObject = E4B69B4C0A3A1720003C02F2 /* Project object */;
}
